// !$*UTF8*$!
{
	archiveVersion = 1;
	classes = {
	};
	objectVersion = 46;
	objects = {

/* Begin PBXBuildFile section */
		13C86E5E12C87B3E006F2369 /* NodeCell.xib in Resources */ = {isa = PBXBuildFile; fileRef = 13C86E5D12C87B3E006F2369 /* NodeCell.xib */; };
		13C86E6B12C87B77006F2369 /* NodeCell.m in Sources */ = {isa = PBXBuildFile; fileRef = 13C86E6A12C87B77006F2369 /* NodeCell.m */; };
		1D3623260D0F684500981E51 /* LibMecabSampleAppDelegate.m in Sources */ = {isa = PBXBuildFile; fileRef = 1D3623250D0F684500981E51 /* LibMecabSampleAppDelegate.m */; };
		1D60589B0D05DD56006BFB54 /* main.m in Sources */ = {isa = PBXBuildFile; fileRef = 29B97316FDCFA39411CA2CEA /* main.m */; };
		1D60589F0D05DD5A006BFB54 /* Foundation.framework in Frameworks */ = {isa = PBXBuildFile; fileRef = 1D30AB110D05D00D00671497 /* Foundation.framework */; };
		1DF5F4E00D08C38300B7A737 /* UIKit.framework in Frameworks */ = {isa = PBXBuildFile; fileRef = 1DF5F4DF0D08C38300B7A737 /* UIKit.framework */; };
		288765A50DF7441C002DB57D /* CoreGraphics.framework in Frameworks */ = {isa = PBXBuildFile; fileRef = 288765A40DF7441C002DB57D /* CoreGraphics.framework */; };
		2899E5220DE3E06400AC0155 /* LibMecabSampleViewController.xib in Resources */ = {isa = PBXBuildFile; fileRef = 2899E5210DE3E06400AC0155 /* LibMecabSampleViewController.xib */; };
		28AD733F0D9D9553002E5188 /* MainWindow.xib in Resources */ = {isa = PBXBuildFile; fileRef = 28AD733E0D9D9553002E5188 /* MainWindow.xib */; };
		28D7ACF80DDB3853001CB0EB /* LibMecabSampleViewController.m in Sources */ = {isa = PBXBuildFile; fileRef = 28D7ACF70DDB3853001CB0EB /* LibMecabSampleViewController.m */; };
		3C0E4A98620F6945679CBBFD /* Pods_LibMecabSample.framework in Frameworks */ = {isa = PBXBuildFile; fileRef = DFD225A2A3BBD2D74CB137D6 /* Pods_LibMecabSample.framework */; };
		7D468B2023CA81D5000382D5 /* AppDelegate.swift in Sources */ = {isa = PBXBuildFile; fileRef = 7D468B1E23CA81B1000382D5 /* AppDelegate.swift */; };
		7D468B2223CA8245000382D5 /* LibMecabSample-macos-Info.plist in Resources */ = {isa = PBXBuildFile; fileRef = 7D468B2123CA8245000382D5 /* LibMecabSample-macos-Info.plist */; };
		7D471CA51EB4B7610038BCA5 /* ExampleUsage.swift in Sources */ = {isa = PBXBuildFile; fileRef = 7D471CA41EB4B7610038BCA5 /* ExampleUsage.swift */; };
		7D833C0F21026451005F2854 /* Default-568h@2x.png in Resources */ = {isa = PBXBuildFile; fileRef = E630CC2E1CFBE222001774B0 /* Default-568h@2x.png */; };
		7D833C1521026451005F2854 /* ExampleUsage.swift in Sources */ = {isa = PBXBuildFile; fileRef = 7D471CA41EB4B7610038BCA5 /* ExampleUsage.swift */; };
		7D833C1721026451005F2854 /* Foundation.framework in Frameworks */ = {isa = PBXBuildFile; fileRef = 1D30AB110D05D00D00671497 /* Foundation.framework */; };
		7D833C37210269AE005F2854 /* main.swift in Sources */ = {isa = PBXBuildFile; fileRef = 7D833C36210269AE005F2854 /* main.swift */; };
		8EE8E5A5B49319DAC4651372 /* libPods-LibMecabSample-macos.a in Frameworks */ = {isa = PBXBuildFile; fileRef = D591D9B8DB98AD19F7E2F1DC /* libPods-LibMecabSample-macos.a */; };
		E630CC2F1CFBE222001774B0 /* Default-568h@2x.png in Resources */ = {isa = PBXBuildFile; fileRef = E630CC2E1CFBE222001774B0 /* Default-568h@2x.png */; };
/* End PBXBuildFile section */

/* Begin PBXCopyFilesBuildPhase section */
		7D471CB91EB4D6CB0038BCA5 /* Embed Frameworks */ = {
			isa = PBXCopyFilesBuildPhase;
			buildActionMask = 2147483647;
			dstPath = "";
			dstSubfolderSpec = 7;
			files = (
			);
			name = "Embed Frameworks";
			runOnlyForDeploymentPostprocessing = 0;
		};
		7D833C1D21026451005F2854 /* Embed Frameworks */ = {
			isa = PBXCopyFilesBuildPhase;
			buildActionMask = 2147483647;
			dstPath = "";
			dstSubfolderSpec = 7;
			files = (
			);
			name = "Embed Frameworks";
			runOnlyForDeploymentPostprocessing = 0;
		};
/* End PBXCopyFilesBuildPhase section */

/* Begin PBXFileReference section */
		13C86E5D12C87B3E006F2369 /* NodeCell.xib */ = {isa = PBXFileReference; lastKnownFileType = file.xib; path = NodeCell.xib; sourceTree = "<group>"; };
		13C86E6912C87B77006F2369 /* NodeCell.h */ = {isa = PBXFileReference; fileEncoding = 4; lastKnownFileType = sourcecode.c.h; path = NodeCell.h; sourceTree = "<group>"; };
		13C86E6A12C87B77006F2369 /* NodeCell.m */ = {isa = PBXFileReference; fileEncoding = 4; lastKnownFileType = sourcecode.c.objc; path = NodeCell.m; sourceTree = "<group>"; };
		1D30AB110D05D00D00671497 /* Foundation.framework */ = {isa = PBXFileReference; lastKnownFileType = wrapper.framework; name = Foundation.framework; path = System/Library/Frameworks/Foundation.framework; sourceTree = SDKROOT; };
		1D3623240D0F684500981E51 /* LibMecabSampleAppDelegate.h */ = {isa = PBXFileReference; fileEncoding = 4; lastKnownFileType = sourcecode.c.h; path = LibMecabSampleAppDelegate.h; sourceTree = "<group>"; };
		1D3623250D0F684500981E51 /* LibMecabSampleAppDelegate.m */ = {isa = PBXFileReference; fileEncoding = 4; lastKnownFileType = sourcecode.c.objc; path = LibMecabSampleAppDelegate.m; sourceTree = "<group>"; };
		1D6058910D05DD3D006BFB54 /* LibMecabSample.app */ = {isa = PBXFileReference; explicitFileType = wrapper.application; includeInIndex = 0; path = LibMecabSample.app; sourceTree = BUILT_PRODUCTS_DIR; };
		1DF5F4DF0D08C38300B7A737 /* UIKit.framework */ = {isa = PBXFileReference; lastKnownFileType = wrapper.framework; name = UIKit.framework; path = System/Library/Frameworks/UIKit.framework; sourceTree = SDKROOT; };
		288765A40DF7441C002DB57D /* CoreGraphics.framework */ = {isa = PBXFileReference; lastKnownFileType = wrapper.framework; name = CoreGraphics.framework; path = System/Library/Frameworks/CoreGraphics.framework; sourceTree = SDKROOT; };
		2899E5210DE3E06400AC0155 /* LibMecabSampleViewController.xib */ = {isa = PBXFileReference; lastKnownFileType = file.xib; path = LibMecabSampleViewController.xib; sourceTree = "<group>"; };
		28AD733E0D9D9553002E5188 /* MainWindow.xib */ = {isa = PBXFileReference; lastKnownFileType = file.xib; path = MainWindow.xib; sourceTree = "<group>"; };
		28D7ACF60DDB3853001CB0EB /* LibMecabSampleViewController.h */ = {isa = PBXFileReference; fileEncoding = 4; lastKnownFileType = sourcecode.c.h; path = LibMecabSampleViewController.h; sourceTree = "<group>"; };
		28D7ACF70DDB3853001CB0EB /* LibMecabSampleViewController.m */ = {isa = PBXFileReference; fileEncoding = 4; lastKnownFileType = sourcecode.c.objc; path = LibMecabSampleViewController.m; sourceTree = "<group>"; };
		2917EF38E1BA40C08FFB9095 /* Pods-LibMecabSample.release.xcconfig */ = {isa = PBXFileReference; includeInIndex = 1; lastKnownFileType = text.xcconfig; name = "Pods-LibMecabSample.release.xcconfig"; path = "Target Support Files/Pods-LibMecabSample/Pods-LibMecabSample.release.xcconfig"; sourceTree = "<group>"; };
		29B97316FDCFA39411CA2CEA /* main.m */ = {isa = PBXFileReference; fileEncoding = 4; lastKnownFileType = sourcecode.c.objc; path = main.m; sourceTree = "<group>"; };
		367A2F93A04EA3B74709C8E6 /* Pods-LibMecabSample-macos.debug.xcconfig */ = {isa = PBXFileReference; includeInIndex = 1; lastKnownFileType = text.xcconfig; name = "Pods-LibMecabSample-macos.debug.xcconfig"; path = "Target Support Files/Pods-LibMecabSample-macos/Pods-LibMecabSample-macos.debug.xcconfig"; sourceTree = "<group>"; };
		7D468B1E23CA81B1000382D5 /* AppDelegate.swift */ = {isa = PBXFileReference; fileEncoding = 4; lastKnownFileType = sourcecode.swift; path = AppDelegate.swift; sourceTree = "<group>"; };
		7D468B2123CA8245000382D5 /* LibMecabSample-macos-Info.plist */ = {isa = PBXFileReference; fileEncoding = 4; lastKnownFileType = text.plist.xml; path = "LibMecabSample-macos-Info.plist"; sourceTree = "<group>"; };
		7D471CA41EB4B7610038BCA5 /* ExampleUsage.swift */ = {isa = PBXFileReference; fileEncoding = 4; lastKnownFileType = sourcecode.swift; path = ExampleUsage.swift; sourceTree = "<group>"; };
		7D833C2321026451005F2854 /* LibMecabSample-macos.app */ = {isa = PBXFileReference; explicitFileType = wrapper.application; includeInIndex = 0; path = "LibMecabSample-macos.app"; sourceTree = BUILT_PRODUCTS_DIR; };
		7D833C36210269AE005F2854 /* main.swift */ = {isa = PBXFileReference; lastKnownFileType = sourcecode.swift; path = main.swift; sourceTree = "<group>"; };
		7DE1019524AA89A60092C9E4 /* LibMecabSample-macos-Bridging-Header.h */ = {isa = PBXFileReference; lastKnownFileType = sourcecode.c.h; path = "LibMecabSample-macos-Bridging-Header.h"; sourceTree = "<group>"; };
		8D1107310486CEB800E47090 /* LibMecabSample-Info.plist */ = {isa = PBXFileReference; fileEncoding = 4; lastKnownFileType = text.plist.xml; path = "LibMecabSample-Info.plist"; plistStructureDefinitionIdentifier = "com.apple.xcode.plist.structure-definition.iphone.info-plist"; sourceTree = "<group>"; };
		D591D9B8DB98AD19F7E2F1DC /* libPods-LibMecabSample-macos.a */ = {isa = PBXFileReference; explicitFileType = archive.ar; includeInIndex = 0; path = "libPods-LibMecabSample-macos.a"; sourceTree = BUILT_PRODUCTS_DIR; };
		DFD225A2A3BBD2D74CB137D6 /* Pods_LibMecabSample.framework */ = {isa = PBXFileReference; explicitFileType = wrapper.framework; includeInIndex = 0; path = Pods_LibMecabSample.framework; sourceTree = BUILT_PRODUCTS_DIR; };
		E1D8933F41C385A03E916969 /* Pods-LibMecabSample.debug.xcconfig */ = {isa = PBXFileReference; includeInIndex = 1; lastKnownFileType = text.xcconfig; name = "Pods-LibMecabSample.debug.xcconfig"; path = "Target Support Files/Pods-LibMecabSample/Pods-LibMecabSample.debug.xcconfig"; sourceTree = "<group>"; };
		E630CC2E1CFBE222001774B0 /* Default-568h@2x.png */ = {isa = PBXFileReference; lastKnownFileType = image.png; path = "Default-568h@2x.png"; sourceTree = "<group>"; };
		F71CF0D94911F0860BEF1A61 /* Pods-LibMecabSample-macos.release.xcconfig */ = {isa = PBXFileReference; includeInIndex = 1; lastKnownFileType = text.xcconfig; name = "Pods-LibMecabSample-macos.release.xcconfig"; path = "Target Support Files/Pods-LibMecabSample-macos/Pods-LibMecabSample-macos.release.xcconfig"; sourceTree = "<group>"; };
/* End PBXFileReference section */

/* Begin PBXFrameworksBuildPhase section */
		1D60588F0D05DD3D006BFB54 /* Frameworks */ = {
			isa = PBXFrameworksBuildPhase;
			buildActionMask = 2147483647;
			files = (
				1D60589F0D05DD5A006BFB54 /* Foundation.framework in Frameworks */,
				1DF5F4E00D08C38300B7A737 /* UIKit.framework in Frameworks */,
				288765A50DF7441C002DB57D /* CoreGraphics.framework in Frameworks */,
				3C0E4A98620F6945679CBBFD /* Pods_LibMecabSample.framework in Frameworks */,
			);
			runOnlyForDeploymentPostprocessing = 0;
		};
		7D833C1621026451005F2854 /* Frameworks */ = {
			isa = PBXFrameworksBuildPhase;
			buildActionMask = 2147483647;
			files = (
				7D833C1721026451005F2854 /* Foundation.framework in Frameworks */,
				8EE8E5A5B49319DAC4651372 /* libPods-LibMecabSample-macos.a in Frameworks */,
			);
			runOnlyForDeploymentPostprocessing = 0;
		};
/* End PBXFrameworksBuildPhase section */

/* Begin PBXGroup section */
		080E96DDFE201D6D7F000001 /* iOS UI */ = {
			isa = PBXGroup;
			children = (
				1D3623240D0F684500981E51 /* LibMecabSampleAppDelegate.h */,
				1D3623250D0F684500981E51 /* LibMecabSampleAppDelegate.m */,
				28D7ACF60DDB3853001CB0EB /* LibMecabSampleViewController.h */,
				28D7ACF70DDB3853001CB0EB /* LibMecabSampleViewController.m */,
				13C86E6912C87B77006F2369 /* NodeCell.h */,
				13C86E6A12C87B77006F2369 /* NodeCell.m */,
				29B97316FDCFA39411CA2CEA /* main.m */,
			);
			path = "iOS UI";
			sourceTree = "<group>";
		};
		19C28FACFE9D520D11CA2CBB /* Products */ = {
			isa = PBXGroup;
			children = (
				1D6058910D05DD3D006BFB54 /* LibMecabSample.app */,
				7D833C2321026451005F2854 /* LibMecabSample-macos.app */,
			);
			name = Products;
			sourceTree = "<group>";
		};
		29B97314FDCFA39411CA2CEA /* CustomTemplate */ = {
			isa = PBXGroup;
			children = (
				7D833C3921026A28005F2854 /* macos UI */,
				7D471CA41EB4B7610038BCA5 /* ExampleUsage.swift */,
				080E96DDFE201D6D7F000001 /* iOS UI */,
				29B97315FDCFA39411CA2CEA /* Other Sources */,
				29B97317FDCFA39411CA2CEA /* Resources */,
				29B97323FDCFA39411CA2CEA /* Frameworks */,
				19C28FACFE9D520D11CA2CBB /* Products */,
				A30F994597B822A85714F94B /* Pods */,
			);
			name = CustomTemplate;
			sourceTree = "<group>";
		};
		29B97315FDCFA39411CA2CEA /* Other Sources */ = {
			isa = PBXGroup;
			children = (
			);
			name = "Other Sources";
			sourceTree = "<group>";
		};
		29B97317FDCFA39411CA2CEA /* Resources */ = {
			isa = PBXGroup;
			children = (
				E630CC2E1CFBE222001774B0 /* Default-568h@2x.png */,
				28AD733E0D9D9553002E5188 /* MainWindow.xib */,
				2899E5210DE3E06400AC0155 /* LibMecabSampleViewController.xib */,
				13C86E5D12C87B3E006F2369 /* NodeCell.xib */,
				8D1107310486CEB800E47090 /* LibMecabSample-Info.plist */,
				7D468B2123CA8245000382D5 /* LibMecabSample-macos-Info.plist */,
			);
			name = Resources;
			sourceTree = "<group>";
		};
		29B97323FDCFA39411CA2CEA /* Frameworks */ = {
			isa = PBXGroup;
			children = (
				1DF5F4DF0D08C38300B7A737 /* UIKit.framework */,
				1D30AB110D05D00D00671497 /* Foundation.framework */,
				288765A40DF7441C002DB57D /* CoreGraphics.framework */,
				DFD225A2A3BBD2D74CB137D6 /* Pods_LibMecabSample.framework */,
				D591D9B8DB98AD19F7E2F1DC /* libPods-LibMecabSample-macos.a */,
			);
			name = Frameworks;
			sourceTree = "<group>";
		};
		7D833C3921026A28005F2854 /* macos UI */ = {
			isa = PBXGroup;
			children = (
				7D468B1E23CA81B1000382D5 /* AppDelegate.swift */,
				7D833C36210269AE005F2854 /* main.swift */,
				7DE1019524AA89A60092C9E4 /* LibMecabSample-macos-Bridging-Header.h */,
			);
			path = "macos UI";
			sourceTree = "<group>";
		};
		A30F994597B822A85714F94B /* Pods */ = {
			isa = PBXGroup;
			children = (
				E1D8933F41C385A03E916969 /* Pods-LibMecabSample.debug.xcconfig */,
				2917EF38E1BA40C08FFB9095 /* Pods-LibMecabSample.release.xcconfig */,
				367A2F93A04EA3B74709C8E6 /* Pods-LibMecabSample-macos.debug.xcconfig */,
				F71CF0D94911F0860BEF1A61 /* Pods-LibMecabSample-macos.release.xcconfig */,
			);
			path = Pods;
			sourceTree = "<group>";
		};
/* End PBXGroup section */

/* Begin PBXNativeTarget section */
		1D6058900D05DD3D006BFB54 /* LibMecabSample */ = {
			isa = PBXNativeTarget;
			buildConfigurationList = 1D6058960D05DD3E006BFB54 /* Build configuration list for PBXNativeTarget "LibMecabSample" */;
			buildPhases = (
				38D7C2CF359A323E25DD2AF5 /* [CP] Check Pods Manifest.lock */,
				1D60588D0D05DD3D006BFB54 /* Resources */,
				1D60588E0D05DD3D006BFB54 /* Sources */,
				1D60588F0D05DD3D006BFB54 /* Frameworks */,
				7D471CB91EB4D6CB0038BCA5 /* Embed Frameworks */,
				44A896FE70CA78077DE7F9AD /* [CP] Embed Pods Frameworks */,
				E19F85F11466468B26D92BD0 /* [CP] Copy Pods Resources */,
			);
			buildRules = (
			);
			dependencies = (
			);
			name = LibMecabSample;
			productName = LibMecabSample;
			productReference = 1D6058910D05DD3D006BFB54 /* LibMecabSample.app */;
			productType = "com.apple.product-type.application";
		};
		7D833C0621026451005F2854 /* LibMecabSample-macos */ = {
			isa = PBXNativeTarget;
			buildConfigurationList = 7D833C2021026451005F2854 /* Build configuration list for PBXNativeTarget "LibMecabSample-macos" */;
			buildPhases = (
				65303BF16940EF171AED8557 /* [CP] Check Pods Manifest.lock */,
				7D833C0B21026451005F2854 /* Resources */,
				7D833C1021026451005F2854 /* Sources */,
				7D833C1621026451005F2854 /* Frameworks */,
				7D833C1D21026451005F2854 /* Embed Frameworks */,
				B3EA189BD4B99B26165695BD /* [CP] Copy Pods Resources */,
			);
			buildRules = (
			);
			dependencies = (
			);
			name = "LibMecabSample-macos";
			productName = LibMecabSample;
			productReference = 7D833C2321026451005F2854 /* LibMecabSample-macos.app */;
			productType = "com.apple.product-type.application";
		};
/* End PBXNativeTarget section */

/* Begin PBXProject section */
		29B97313FDCFA39411CA2CEA /* Project object */ = {
			isa = PBXProject;
			attributes = {
				LastUpgradeCheck = 0730;
				TargetAttributes = {
					1D6058900D05DD3D006BFB54 = {
						LastSwiftMigration = 0830;
						ProvisioningStyle = Manual;
					};
					7D833C0621026451005F2854 = {
						LastSwiftMigration = 1150;
					};
				};
			};
			buildConfigurationList = C01FCF4E08A954540054247B /* Build configuration list for PBXProject "LibMecabSample" */;
			compatibilityVersion = "Xcode 3.2";
			developmentRegion = English;
			hasScannedForEncodings = 1;
			knownRegions = (
				English,
				Japanese,
				French,
				German,
			);
			mainGroup = 29B97314FDCFA39411CA2CEA /* CustomTemplate */;
			productRefGroup = 19C28FACFE9D520D11CA2CBB /* Products */;
			projectDirPath = "";
			projectRoot = "";
			targets = (
				1D6058900D05DD3D006BFB54 /* LibMecabSample */,
				7D833C0621026451005F2854 /* LibMecabSample-macos */,
			);
		};
/* End PBXProject section */

/* Begin PBXResourcesBuildPhase section */
		1D60588D0D05DD3D006BFB54 /* Resources */ = {
			isa = PBXResourcesBuildPhase;
			buildActionMask = 2147483647;
			files = (
				28AD733F0D9D9553002E5188 /* MainWindow.xib in Resources */,
				2899E5220DE3E06400AC0155 /* LibMecabSampleViewController.xib in Resources */,
				7D468B2223CA8245000382D5 /* LibMecabSample-macos-Info.plist in Resources */,
				13C86E5E12C87B3E006F2369 /* NodeCell.xib in Resources */,
				E630CC2F1CFBE222001774B0 /* Default-568h@2x.png in Resources */,
			);
			runOnlyForDeploymentPostprocessing = 0;
		};
		7D833C0B21026451005F2854 /* Resources */ = {
			isa = PBXResourcesBuildPhase;
			buildActionMask = 2147483647;
			files = (
				7D833C0F21026451005F2854 /* Default-568h@2x.png in Resources */,
			);
			runOnlyForDeploymentPostprocessing = 0;
		};
/* End PBXResourcesBuildPhase section */

/* Begin PBXShellScriptBuildPhase section */
		38D7C2CF359A323E25DD2AF5 /* [CP] Check Pods Manifest.lock */ = {
			isa = PBXShellScriptBuildPhase;
			buildActionMask = 2147483647;
			files = (
			);
			inputFileListPaths = (
			);
			inputPaths = (
				"${PODS_PODFILE_DIR_PATH}/Podfile.lock",
				"${PODS_ROOT}/Manifest.lock",
			);
			name = "[CP] Check Pods Manifest.lock";
			outputFileListPaths = (
			);
			outputPaths = (
				"$(DERIVED_FILE_DIR)/Pods-LibMecabSample-checkManifestLockResult.txt",
			);
			runOnlyForDeploymentPostprocessing = 0;
			shellPath = /bin/sh;
			shellScript = "diff \"${PODS_PODFILE_DIR_PATH}/Podfile.lock\" \"${PODS_ROOT}/Manifest.lock\" > /dev/null\nif [ $? != 0 ] ; then\n    # print error to STDERR\n    echo \"error: The sandbox is not in sync with the Podfile.lock. Run 'pod install' or update your CocoaPods installation.\" >&2\n    exit 1\nfi\n# This output is used by Xcode 'outputs' to avoid re-running this script phase.\necho \"SUCCESS\" > \"${SCRIPT_OUTPUT_FILE_0}\"\n";
			showEnvVarsInLog = 0;
		};
		44A896FE70CA78077DE7F9AD /* [CP] Embed Pods Frameworks */ = {
			isa = PBXShellScriptBuildPhase;
			buildActionMask = 2147483647;
			files = (
			);
			inputPaths = (
				"${PODS_ROOT}/Target Support Files/Pods-LibMecabSample/Pods-LibMecabSample-frameworks.sh",
				"${BUILT_PRODUCTS_DIR}/mecab-ko-framework/mecab_ko.framework",
			);
			name = "[CP] Embed Pods Frameworks";
			outputPaths = (
				"${TARGET_BUILD_DIR}/${FRAMEWORKS_FOLDER_PATH}/mecab_ko.framework",
			);
			runOnlyForDeploymentPostprocessing = 0;
			shellPath = /bin/sh;
			shellScript = "\"${PODS_ROOT}/Target Support Files/Pods-LibMecabSample/Pods-LibMecabSample-frameworks.sh\"\n";
			showEnvVarsInLog = 0;
		};
		65303BF16940EF171AED8557 /* [CP] Check Pods Manifest.lock */ = {
			isa = PBXShellScriptBuildPhase;
			buildActionMask = 2147483647;
			files = (
			);
			inputFileListPaths = (
			);
			inputPaths = (
				"${PODS_PODFILE_DIR_PATH}/Podfile.lock",
				"${PODS_ROOT}/Manifest.lock",
			);
			name = "[CP] Check Pods Manifest.lock";
			outputFileListPaths = (
			);
			outputPaths = (
				"$(DERIVED_FILE_DIR)/Pods-LibMecabSample-macos-checkManifestLockResult.txt",
			);
			runOnlyForDeploymentPostprocessing = 0;
			shellPath = /bin/sh;
			shellScript = "diff \"${PODS_PODFILE_DIR_PATH}/Podfile.lock\" \"${PODS_ROOT}/Manifest.lock\" > /dev/null\nif [ $? != 0 ] ; then\n    # print error to STDERR\n    echo \"error: The sandbox is not in sync with the Podfile.lock. Run 'pod install' or update your CocoaPods installation.\" >&2\n    exit 1\nfi\n# This output is used by Xcode 'outputs' to avoid re-running this script phase.\necho \"SUCCESS\" > \"${SCRIPT_OUTPUT_FILE_0}\"\n";
			showEnvVarsInLog = 0;
		};
		B3EA189BD4B99B26165695BD /* [CP] Copy Pods Resources */ = {
			isa = PBXShellScriptBuildPhase;
			buildActionMask = 2147483647;
			files = (
			);
			inputPaths = (
				"${PODS_ROOT}/Target Support Files/Pods-LibMecabSample-macos/Pods-LibMecabSample-macos-resources.sh",
				"${PODS_ROOT}/mecab-ko/Assets/AUTHORS",
				"${PODS_ROOT}/mecab-ko/Assets/BSD",
				"${PODS_ROOT}/mecab-ko/Assets/ChangeLog",
				"${PODS_ROOT}/mecab-ko/Assets/COPYING",
				"${PODS_ROOT}/mecab-ko/Assets/GPL",
				"${PODS_ROOT}/mecab-ko/Assets/LGPL",
				"${PODS_ROOT}/mecab-ko/Assets/mecabrc",
				"${PODS_ROOT}/mecab-ko/Assets/NEWS",
				"${PODS_ROOT}/mecab-ko/Assets/README",
				"${PODS_CONFIGURATION_BUILD_DIR}/mecab-ko-dic-utf-8-library/mecab-ko-dic-utf-8.bundle",
				"${PODS_CONFIGURATION_BUILD_DIR}/mecab-naist-jdic-utf-8-library/mecab-naist-jdic-utf-8.bundle",
			);
			name = "[CP] Copy Pods Resources";
			outputPaths = (
				"${TARGET_BUILD_DIR}/${UNLOCALIZED_RESOURCES_FOLDER_PATH}/AUTHORS",
				"${TARGET_BUILD_DIR}/${UNLOCALIZED_RESOURCES_FOLDER_PATH}/BSD",
				"${TARGET_BUILD_DIR}/${UNLOCALIZED_RESOURCES_FOLDER_PATH}/ChangeLog",
				"${TARGET_BUILD_DIR}/${UNLOCALIZED_RESOURCES_FOLDER_PATH}/COPYING",
				"${TARGET_BUILD_DIR}/${UNLOCALIZED_RESOURCES_FOLDER_PATH}/GPL",
				"${TARGET_BUILD_DIR}/${UNLOCALIZED_RESOURCES_FOLDER_PATH}/LGPL",
				"${TARGET_BUILD_DIR}/${UNLOCALIZED_RESOURCES_FOLDER_PATH}/mecabrc",
				"${TARGET_BUILD_DIR}/${UNLOCALIZED_RESOURCES_FOLDER_PATH}/NEWS",
				"${TARGET_BUILD_DIR}/${UNLOCALIZED_RESOURCES_FOLDER_PATH}/README",
				"${TARGET_BUILD_DIR}/${UNLOCALIZED_RESOURCES_FOLDER_PATH}/mecab-ko-dic-utf-8.bundle",
				"${TARGET_BUILD_DIR}/${UNLOCALIZED_RESOURCES_FOLDER_PATH}/mecab-naist-jdic-utf-8.bundle",
			);
			runOnlyForDeploymentPostprocessing = 0;
			shellPath = /bin/sh;
			shellScript = "\"${PODS_ROOT}/Target Support Files/Pods-LibMecabSample-macos/Pods-LibMecabSample-macos-resources.sh\"\n";
			showEnvVarsInLog = 0;
		};
		E19F85F11466468B26D92BD0 /* [CP] Copy Pods Resources */ = {
			isa = PBXShellScriptBuildPhase;
			buildActionMask = 2147483647;
			files = (
			);
			inputPaths = (
				"${PODS_ROOT}/Target Support Files/Pods-LibMecabSample/Pods-LibMecabSample-resources.sh",
				"${PODS_CONFIGURATION_BUILD_DIR}/mecab-ko-dic-utf-8-framework/mecab-ko-dic-utf-8.bundle",
				"${PODS_CONFIGURATION_BUILD_DIR}/mecab-naist-jdic-utf-8-framework/mecab-naist-jdic-utf-8.bundle",
			);
			name = "[CP] Copy Pods Resources";
			outputPaths = (
				"${TARGET_BUILD_DIR}/${UNLOCALIZED_RESOURCES_FOLDER_PATH}/mecab-ko-dic-utf-8.bundle",
				"${TARGET_BUILD_DIR}/${UNLOCALIZED_RESOURCES_FOLDER_PATH}/mecab-naist-jdic-utf-8.bundle",
			);
			runOnlyForDeploymentPostprocessing = 0;
			shellPath = /bin/sh;
			shellScript = "\"${PODS_ROOT}/Target Support Files/Pods-LibMecabSample/Pods-LibMecabSample-resources.sh\"\n";
			showEnvVarsInLog = 0;
		};
/* End PBXShellScriptBuildPhase section */

/* Begin PBXSourcesBuildPhase section */
		1D60588E0D05DD3D006BFB54 /* Sources */ = {
			isa = PBXSourcesBuildPhase;
			buildActionMask = 2147483647;
			files = (
				1D60589B0D05DD56006BFB54 /* main.m in Sources */,
				1D3623260D0F684500981E51 /* LibMecabSampleAppDelegate.m in Sources */,
				28D7ACF80DDB3853001CB0EB /* LibMecabSampleViewController.m in Sources */,
				13C86E6B12C87B77006F2369 /* NodeCell.m in Sources */,
				7D471CA51EB4B7610038BCA5 /* ExampleUsage.swift in Sources */,
			);
			runOnlyForDeploymentPostprocessing = 0;
		};
		7D833C1021026451005F2854 /* Sources */ = {
			isa = PBXSourcesBuildPhase;
			buildActionMask = 2147483647;
			files = (
				7D468B2023CA81D5000382D5 /* AppDelegate.swift in Sources */,
				7D833C37210269AE005F2854 /* main.swift in Sources */,
				7D833C1521026451005F2854 /* ExampleUsage.swift in Sources */,
			);
			runOnlyForDeploymentPostprocessing = 0;
		};
/* End PBXSourcesBuildPhase section */

/* Begin XCBuildConfiguration section */
		1D6058940D05DD3E006BFB54 /* Debug */ = {
			isa = XCBuildConfiguration;
			baseConfigurationReference = E1D8933F41C385A03E916969 /* Pods-LibMecabSample.debug.xcconfig */;
			buildSettings = {
				ALWAYS_SEARCH_USER_PATHS = NO;
				CLANG_ENABLE_MODULES = YES;
				COPY_PHASE_STRIP = NO;
				CURRENT_PROJECT_VERSION = 1;
				DEFINES_MODULE = YES;
				DEVELOPMENT_TEAM = "";
				GCC_OPTIMIZATION_LEVEL = 0;
				GCC_PRECOMPILE_PREFIX_HEADER = YES;
				INFOPLIST_FILE = "LibMecabSample-Info.plist";
				LD_RUNPATH_SEARCH_PATHS = "$(inherited) @executable_path/Frameworks";
				MARKETING_VERSION = 1.0;
				PRODUCT_BUNDLE_IDENTIFIER = "com.yourcompany.${PRODUCT_NAME:rfc1034identifier}";
				PRODUCT_NAME = LibMecabSample;
				PROVISIONING_PROFILE_SPECIFIER = "";
				SWIFT_OPTIMIZATION_LEVEL = "-Onone";
				SWIFT_VERSION = 5.0;
			};
			name = Debug;
		};
		1D6058950D05DD3E006BFB54 /* Release */ = {
			isa = XCBuildConfiguration;
			baseConfigurationReference = 2917EF38E1BA40C08FFB9095 /* Pods-LibMecabSample.release.xcconfig */;
			buildSettings = {
				ALWAYS_SEARCH_USER_PATHS = NO;
				CLANG_ENABLE_MODULES = YES;
				COPY_PHASE_STRIP = YES;
				CURRENT_PROJECT_VERSION = 1;
				DEFINES_MODULE = YES;
				DEVELOPMENT_TEAM = "";
				GCC_PRECOMPILE_PREFIX_HEADER = YES;
				INFOPLIST_FILE = "LibMecabSample-Info.plist";
				LD_RUNPATH_SEARCH_PATHS = "$(inherited) @executable_path/Frameworks";
				MARKETING_VERSION = 1.0;
				PRODUCT_BUNDLE_IDENTIFIER = "com.yourcompany.${PRODUCT_NAME:rfc1034identifier}";
				PRODUCT_NAME = LibMecabSample;
				PROVISIONING_PROFILE_SPECIFIER = "";
				SWIFT_VERSION = 5.0;
				VALIDATE_PRODUCT = YES;
			};
			name = Release;
		};
		7D833C2121026451005F2854 /* Debug */ = {
			isa = XCBuildConfiguration;
			baseConfigurationReference = 367A2F93A04EA3B74709C8E6 /* Pods-LibMecabSample-macos.debug.xcconfig */;
			buildSettings = {
				ALWAYS_SEARCH_USER_PATHS = NO;
				CLANG_ENABLE_MODULES = YES;
				COPY_PHASE_STRIP = NO;
				CURRENT_PROJECT_VERSION = 1;
				DEFINES_MODULE = YES;
				DEVELOPMENT_TEAM = "";
				GCC_OPTIMIZATION_LEVEL = 0;
				GCC_PRECOMPILE_PREFIX_HEADER = YES;
				INFOPLIST_FILE = "LibMecabSample-macos-Info.plist";
				LD_RUNPATH_SEARCH_PATHS = "$(inherited) @executable_path/Frameworks";
				MACOSX_DEPLOYMENT_TARGET = 10.11;
				MARKETING_VERSION = 1.0;
				PRODUCT_BUNDLE_IDENTIFIER = "com.yourcompany.${PRODUCT_NAME:rfc1034identifier}";
				PRODUCT_NAME = "$(TARGET_NAME)";
				PROVISIONING_PROFILE_SPECIFIER = "";
				SDKROOT = macosx;
				SWIFT_OBJC_BRIDGING_HEADER = "macos UI/LibMecabSample-macos-Bridging-Header.h";
				SWIFT_OPTIMIZATION_LEVEL = "-Onone";
				SWIFT_VERSION = 5.0;
			};
			name = Debug;
		};
		7D833C2221026451005F2854 /* Release */ = {
			isa = XCBuildConfiguration;
			baseConfigurationReference = F71CF0D94911F0860BEF1A61 /* Pods-LibMecabSample-macos.release.xcconfig */;
			buildSettings = {
				ALWAYS_SEARCH_USER_PATHS = NO;
				CLANG_ENABLE_MODULES = YES;
				COPY_PHASE_STRIP = YES;
				CURRENT_PROJECT_VERSION = 1;
				DEFINES_MODULE = YES;
				DEVELOPMENT_TEAM = "";
				GCC_PRECOMPILE_PREFIX_HEADER = YES;
				INFOPLIST_FILE = "LibMecabSample-macos-Info.plist";
				LD_RUNPATH_SEARCH_PATHS = "$(inherited) @executable_path/Frameworks";
				MACOSX_DEPLOYMENT_TARGET = 10.11;
				MARKETING_VERSION = 1.0;
				PRODUCT_BUNDLE_IDENTIFIER = "com.yourcompany.${PRODUCT_NAME:rfc1034identifier}";
				PRODUCT_NAME = "$(TARGET_NAME)";
				PROVISIONING_PROFILE_SPECIFIER = "";
				SDKROOT = macosx;
				SWIFT_OBJC_BRIDGING_HEADER = "macos UI/LibMecabSample-macos-Bridging-Header.h";
				SWIFT_VERSION = 5.0;
				VALIDATE_PRODUCT = YES;
			};
			name = Release;
		};
		C01FCF4F08A954540054247B /* Debug */ = {
			isa = XCBuildConfiguration;
			buildSettings = {
				"CODE_SIGN_IDENTITY[sdk=iphoneos*]" = "iPhone Developer";
				ENABLE_TESTABILITY = YES;
				GCC_C_LANGUAGE_STANDARD = c99;
				GCC_WARN_ABOUT_RETURN_TYPE = YES;
				GCC_WARN_UNUSED_VARIABLE = YES;
				HEADER_SEARCH_PATHS = ../mecab/;
				ONLY_ACTIVE_ARCH = YES;
				PREBINDING = NO;
				SDKROOT = iphoneos;
				SWIFT_OBJC_BRIDGING_HEADER = "";
				SWIFT_VERSION = 5.0;
			};
			name = Debug;
		};
		C01FCF5008A954540054247B /* Release */ = {
			isa = XCBuildConfiguration;
			buildSettings = {
				"CODE_SIGN_IDENTITY[sdk=iphoneos*]" = "iPhone Developer";
				GCC_C_LANGUAGE_STANDARD = c99;
				GCC_WARN_ABOUT_RETURN_TYPE = YES;
				GCC_WARN_UNUSED_VARIABLE = YES;
				HEADER_SEARCH_PATHS = ../mecab/;
				OTHER_CFLAGS = "-DNS_BLOCK_ASSERTIONS=1";
				PREBINDING = NO;
				SDKROOT = iphoneos;
				SWIFT_OBJC_BRIDGING_HEADER = "";
				SWIFT_VERSION = 5.0;
			};
			name = Release;
		};
/* End XCBuildConfiguration section */

/* Begin XCConfigurationList section */
		1D6058960D05DD3E006BFB54 /* Build configuration list for PBXNativeTarget "LibMecabSample" */ = {
			isa = XCConfigurationList;
			buildConfigurations = (
				1D6058940D05DD3E006BFB54 /* Debug */,
				1D6058950D05DD3E006BFB54 /* Release */,
			);
			defaultConfigurationIsVisible = 0;
			defaultConfigurationName = Release;
		};
		7D833C2021026451005F2854 /* Build configuration list for PBXNativeTarget "LibMecabSample-macos" */ = {
			isa = XCConfigurationList;
			buildConfigurations = (
				7D833C2121026451005F2854 /* Debug */,
				7D833C2221026451005F2854 /* Release */,
			);
			defaultConfigurationIsVisible = 0;
			defaultConfigurationName = Release;
		};
		C01FCF4E08A954540054247B /* Build configuration list for PBXProject "LibMecabSample" */ = {
			isa = XCConfigurationList;
			buildConfigurations = (
				C01FCF4F08A954540054247B /* Debug */,
				C01FCF5008A954540054247B /* Release */,
			);
			defaultConfigurationIsVisible = 0;
			defaultConfigurationName = Release;
		};
/* End XCConfigurationList section */
	};
	rootObject = 29B97313FDCFA39411CA2CEA /* Project object */;
}
