PODS:
  - mecab-ko (0.1.0)
  - mecab-naist-jdic-utf-8 (0.1.0)

DEPENDENCIES:
  - mecab-ko (from `../mecab-ko`)
  - mecab-naist-jdic-utf-8 (from `../mecab-naist-jdic-utf-8`)

EXTERNAL SOURCES:
  mecab-ko:
    :path: "../mecab-ko"
  mecab-naist-jdic-utf-8:
    :path: "../mecab-naist-jdic-utf-8"

SPEC CHECKSUMS:
  mecab-ko: 586e9d9db8e688e745085e78f4c4ce5cffcbb238
  mecab-naist-jdic-utf-8: 8756a11e929b554a8ad0f3051963a6f7be628a5a

PODFILE CHECKSUM: eb3df48da491be547ed7cb30e35b90a2b8c4dd89

COCOAPODS: 1.8.4
