// !$*UTF8*$!
{
	archiveVersion = 1;
	classes = {
	};
	objectVersion = 50;
	objects = {

/* Begin PBXBuildFile section */
		7D69902023C6971800C2AF34 /* AppDelegate.swift in Sources */ = {isa = PBXBuildFile; fileRef = 7D69901F23C6971800C2AF34 /* AppDelegate.swift */; };
		7D69902223C6971800C2AF34 /* SceneDelegate.swift in Sources */ = {isa = PBXBuildFile; fileRef = 7D69902123C6971800C2AF34 /* SceneDelegate.swift */; };
		7D69902423C6971800C2AF34 /* ViewController.swift in Sources */ = {isa = PBXBuildFile; fileRef = 7D69902323C6971800C2AF34 /* ViewController.swift */; };
		7D69902723C6971800C2AF34 /* Main.storyboard in Resources */ = {isa = PBXBuildFile; fileRef = 7D69902523C6971800C2AF34 /* Main.storyboard */; };
		7D69902923C6971B00C2AF34 /* Assets.xcassets in Resources */ = {isa = PBXBuildFile; fileRef = 7D69902823C6971B00C2AF34 /* Assets.xcassets */; };
		7D69902C23C6971B00C2AF34 /* LaunchScreen.storyboard in Resources */ = {isa = PBXBuildFile; fileRef = 7D69902A23C6971B00C2AF34 /* LaunchScreen.storyboard */; };
		C288D23A52DAA6A4C89289C9 /* Pods_pod_tester.framework in Frameworks */ = {isa = PBXBuildFile; fileRef = 83F848628D8AC41ADF843C27 /* Pods_pod_tester.framework */; };
/* End PBXBuildFile section */

/* Begin PBXFileReference section */
		7459333A7838E60826D4407D /* Pods-pod-tester.release.xcconfig */ = {isa = PBXFileReference; includeInIndex = 1; lastKnownFileType = text.xcconfig; name = "Pods-pod-tester.release.xcconfig"; path = "Target Support Files/Pods-pod-tester/Pods-pod-tester.release.xcconfig"; sourceTree = "<group>"; };
		7D69901C23C6971800C2AF34 /* pod-tester.app */ = {isa = PBXFileReference; explicitFileType = wrapper.application; includeInIndex = 0; path = "pod-tester.app"; sourceTree = BUILT_PRODUCTS_DIR; };
		7D69901F23C6971800C2AF34 /* AppDelegate.swift */ = {isa = PBXFileReference; lastKnownFileType = sourcecode.swift; path = AppDelegate.swift; sourceTree = "<group>"; };
		7D69902123C6971800C2AF34 /* SceneDelegate.swift */ = {isa = PBXFileReference; lastKnownFileType = sourcecode.swift; path = SceneDelegate.swift; sourceTree = "<group>"; };
		7D69902323C6971800C2AF34 /* ViewController.swift */ = {isa = PBXFileReference; lastKnownFileType = sourcecode.swift; path = ViewController.swift; sourceTree = "<group>"; };
		7D69902623C6971800C2AF34 /* Base */ = {isa = PBXFileReference; lastKnownFileType = file.storyboard; name = Base; path = Base.lproj/Main.storyboard; sourceTree = "<group>"; };
		7D69902823C6971B00C2AF34 /* Assets.xcassets */ = {isa = PBXFileReference; lastKnownFileType = folder.assetcatalog; path = Assets.xcassets; sourceTree = "<group>"; };
		7D69902B23C6971B00C2AF34 /* Base */ = {isa = PBXFileReference; lastKnownFileType = file.storyboard; name = Base; path = Base.lproj/LaunchScreen.storyboard; sourceTree = "<group>"; };
		7D69902D23C6971B00C2AF34 /* Info.plist */ = {isa = PBXFileReference; lastKnownFileType = text.plist.xml; path = Info.plist; sourceTree = "<group>"; };
		83F848628D8AC41ADF843C27 /* Pods_pod_tester.framework */ = {isa = PBXFileReference; explicitFileType = wrapper.framework; includeInIndex = 0; path = Pods_pod_tester.framework; sourceTree = BUILT_PRODUCTS_DIR; };
		A052752CD292948B4A74F6E7 /* Pods-pod-tester.debug.xcconfig */ = {isa = PBXFileReference; includeInIndex = 1; lastKnownFileType = text.xcconfig; name = "Pods-pod-tester.debug.xcconfig"; path = "Target Support Files/Pods-pod-tester/Pods-pod-tester.debug.xcconfig"; sourceTree = "<group>"; };
/* End PBXFileReference section */

/* Begin PBXFrameworksBuildPhase section */
		7D69901923C6971800C2AF34 /* Frameworks */ = {
			isa = PBXFrameworksBuildPhase;
			buildActionMask = 2147483647;
			files = (
				C288D23A52DAA6A4C89289C9 /* Pods_pod_tester.framework in Frameworks */,
			);
			runOnlyForDeploymentPostprocessing = 0;
		};
/* End PBXFrameworksBuildPhase section */

/* Begin PBXGroup section */
		7D69901323C6971800C2AF34 = {
			isa = PBXGroup;
			children = (
				7D69901E23C6971800C2AF34 /* pod-tester */,
				7D69901D23C6971800C2AF34 /* Products */,
				BC8719B06D38E2684FE1BED0 /* Pods */,
				EC64296F7A0DC7D3488F95EF /* Frameworks */,
			);
			sourceTree = "<group>";
		};
		7D69901D23C6971800C2AF34 /* Products */ = {
			isa = PBXGroup;
			children = (
				7D69901C23C6971800C2AF34 /* pod-tester.app */,
			);
			name = Products;
			sourceTree = "<group>";
		};
		7D69901E23C6971800C2AF34 /* pod-tester */ = {
			isa = PBXGroup;
			children = (
				7D69901F23C6971800C2AF34 /* AppDelegate.swift */,
				7D69902123C6971800C2AF34 /* SceneDelegate.swift */,
				7D69902323C6971800C2AF34 /* ViewController.swift */,
				7D69902523C6971800C2AF34 /* Main.storyboard */,
				7D69902823C6971B00C2AF34 /* Assets.xcassets */,
				7D69902A23C6971B00C2AF34 /* LaunchScreen.storyboard */,
				7D69902D23C6971B00C2AF34 /* Info.plist */,
			);
			path = "pod-tester";
			sourceTree = "<group>";
		};
		BC8719B06D38E2684FE1BED0 /* Pods */ = {
			isa = PBXGroup;
			children = (
				A052752CD292948B4A74F6E7 /* Pods-pod-tester.debug.xcconfig */,
				7459333A7838E60826D4407D /* Pods-pod-tester.release.xcconfig */,
			);
			name = Pods;
			path = Pods;
			sourceTree = "<group>";
		};
		EC64296F7A0DC7D3488F95EF /* Frameworks */ = {
			isa = PBXGroup;
			children = (
				83F848628D8AC41ADF843C27 /* Pods_pod_tester.framework */,
			);
			name = Frameworks;
			sourceTree = "<group>";
		};
/* End PBXGroup section */

/* Begin PBXNativeTarget section */
		7D69901B23C6971800C2AF34 /* pod-tester */ = {
			isa = PBXNativeTarget;
			buildConfigurationList = 7D69903023C6971B00C2AF34 /* Build configuration list for PBXNativeTarget "pod-tester" */;
			buildPhases = (
				216FC01B76DD01B3A93B72E7 /* [CP] Check Pods Manifest.lock */,
				7D69901823C6971800C2AF34 /* Sources */,
				7D69901923C6971800C2AF34 /* Frameworks */,
				7D69901A23C6971800C2AF34 /* Resources */,
				A1B9DBA963E0552763F7591A /* [CP] Copy Pods Resources */,
				3EEF29575DB67E6F3C973CF4 /* [CP] Embed Pods Frameworks */,
			);
			buildRules = (
			);
			dependencies = (
			);
			name = "pod-tester";
			productName = "pod-tester";
			productReference = 7D69901C23C6971800C2AF34 /* pod-tester.app */;
			productType = "com.apple.product-type.application";
		};
/* End PBXNativeTarget section */

/* Begin PBXProject section */
		7D69901423C6971800C2AF34 /* Project object */ = {
			isa = PBXProject;
			attributes = {
				LastSwiftUpdateCheck = 1130;
				LastUpgradeCheck = 1130;
				ORGANIZATIONNAME = "Bottled Logic";
				TargetAttributes = {
					7D69901B23C6971800C2AF34 = {
						CreatedOnToolsVersion = 11.3;
					};
				};
			};
			buildConfigurationList = 7D69901723C6971800C2AF34 /* Build configuration list for PBXProject "pod-tester" */;
			compatibilityVersion = "Xcode 9.3";
			developmentRegion = en;
			hasScannedForEncodings = 0;
			knownRegions = (
				en,
				Base,
			);
			mainGroup = 7D69901323C6971800C2AF34;
			productRefGroup = 7D69901D23C6971800C2AF34 /* Products */;
			projectDirPath = "";
			projectRoot = "";
			targets = (
				7D69901B23C6971800C2AF34 /* pod-tester */,
			);
		};
/* End PBXProject section */

/* Begin PBXResourcesBuildPhase section */
		7D69901A23C6971800C2AF34 /* Resources */ = {
			isa = PBXResourcesBuildPhase;
			buildActionMask = 2147483647;
			files = (
				7D69902C23C6971B00C2AF34 /* LaunchScreen.storyboard in Resources */,
				7D69902923C6971B00C2AF34 /* Assets.xcassets in Resources */,
				7D69902723C6971800C2AF34 /* Main.storyboard in Resources */,
			);
			runOnlyForDeploymentPostprocessing = 0;
		};
/* End PBXResourcesBuildPhase section */

/* Begin PBXShellScriptBuildPhase section */
		216FC01B76DD01B3A93B72E7 /* [CP] Check Pods Manifest.lock */ = {
			isa = PBXShellScriptBuildPhase;
			buildActionMask = 2147483647;
			files = (
			);
			inputFileListPaths = (
			);
			inputPaths = (
				"${PODS_PODFILE_DIR_PATH}/Podfile.lock",
				"${PODS_ROOT}/Manifest.lock",
			);
			name = "[CP] Check Pods Manifest.lock";
			outputFileListPaths = (
			);
			outputPaths = (
				"$(DERIVED_FILE_DIR)/Pods-pod-tester-checkManifestLockResult.txt",
			);
			runOnlyForDeploymentPostprocessing = 0;
			shellPath = /bin/sh;
			shellScript = "diff \"${PODS_PODFILE_DIR_PATH}/Podfile.lock\" \"${PODS_ROOT}/Manifest.lock\" > /dev/null\nif [ $? != 0 ] ; then\n    # print error to STDERR\n    echo \"error: The sandbox is not in sync with the Podfile.lock. Run 'pod install' or update your CocoaPods installation.\" >&2\n    exit 1\nfi\n# This output is used by Xcode 'outputs' to avoid re-running this script phase.\necho \"SUCCESS\" > \"${SCRIPT_OUTPUT_FILE_0}\"\n";
			showEnvVarsInLog = 0;
		};
		3EEF29575DB67E6F3C973CF4 /* [CP] Embed Pods Frameworks */ = {
			isa = PBXShellScriptBuildPhase;
			buildActionMask = 2147483647;
			files = (
			);
			inputFileListPaths = (
				"${PODS_ROOT}/Target Support Files/Pods-pod-tester/Pods-pod-tester-frameworks-${CONFIGURATION}-input-files.xcfilelist",
			);
			name = "[CP] Embed Pods Frameworks";
			outputFileListPaths = (
				"${PODS_ROOT}/Target Support Files/Pods-pod-tester/Pods-pod-tester-frameworks-${CONFIGURATION}-output-files.xcfilelist",
			);
			runOnlyForDeploymentPostprocessing = 0;
			shellPath = /bin/sh;
			shellScript = "\"${PODS_ROOT}/Target Support Files/Pods-pod-tester/Pods-pod-tester-frameworks.sh\"\n";
			showEnvVarsInLog = 0;
		};
		A1B9DBA963E0552763F7591A /* [CP] Copy Pods Resources */ = {
			isa = PBXShellScriptBuildPhase;
			buildActionMask = 2147483647;
			files = (
			);
			inputFileListPaths = (
				"${PODS_ROOT}/Target Support Files/Pods-pod-tester/Pods-pod-tester-resources-${CONFIGURATION}-input-files.xcfilelist",
			);
			name = "[CP] Copy Pods Resources";
			outputFileListPaths = (
				"${PODS_ROOT}/Target Support Files/Pods-pod-tester/Pods-pod-tester-resources-${CONFIGURATION}-output-files.xcfilelist",
			);
			runOnlyForDeploymentPostprocessing = 0;
			shellPath = /bin/sh;
			shellScript = "\"${PODS_ROOT}/Target Support Files/Pods-pod-tester/Pods-pod-tester-resources.sh\"\n";
			showEnvVarsInLog = 0;
		};
/* End PBXShellScriptBuildPhase section */

/* Begin PBXSourcesBuildPhase section */
		7D69901823C6971800C2AF34 /* Sources */ = {
			isa = PBXSourcesBuildPhase;
			buildActionMask = 2147483647;
			files = (
				7D69902423C6971800C2AF34 /* ViewController.swift in Sources */,
				7D69902023C6971800C2AF34 /* AppDelegate.swift in Sources */,
				7D69902223C6971800C2AF34 /* SceneDelegate.swift in Sources */,
			);
			runOnlyForDeploymentPostprocessing = 0;
		};
/* End PBXSourcesBuildPhase section */

/* Begin PBXVariantGroup section */
		7D69902523C6971800C2AF34 /* Main.storyboard */ = {
			isa = PBXVariantGroup;
			children = (
				7D69902623C6971800C2AF34 /* Base */,
			);
			name = Main.storyboard;
			sourceTree = "<group>";
		};
		7D69902A23C6971B00C2AF34 /* LaunchScreen.storyboard */ = {
			isa = PBXVariantGroup;
			children = (
				7D69902B23C6971B00C2AF34 /* Base */,
			);
			name = LaunchScreen.storyboard;
			sourceTree = "<group>";
		};
/* End PBXVariantGroup section */

/* Begin XCBuildConfiguration section */
		7D69902E23C6971B00C2AF34 /* Debug */ = {
			isa = XCBuildConfiguration;
			buildSettings = {
				ALWAYS_SEARCH_USER_PATHS = NO;
				CLANG_ANALYZER_NONNULL = YES;
				CLANG_ANALYZER_NUMBER_OBJECT_CONVERSION = YES_AGGRESSIVE;
				CLANG_CXX_LANGUAGE_STANDARD = "gnu++14";
				CLANG_CXX_LIBRARY = "libc++";
				CLANG_ENABLE_MODULES = YES;
				CLANG_ENABLE_OBJC_ARC = YES;
				CLANG_ENABLE_OBJC_WEAK = YES;
				CLANG_WARN_BLOCK_CAPTURE_AUTORELEASING = YES;
				CLANG_WARN_BOOL_CONVERSION = YES;
				CLANG_WARN_COMMA = YES;
				CLANG_WARN_CONSTANT_CONVERSION = YES;
				CLANG_WARN_DEPRECATED_OBJC_IMPLEMENTATIONS = YES;
				CLANG_WARN_DIRECT_OBJC_ISA_USAGE = YES_ERROR;
				CLANG_WARN_DOCUMENTATION_COMMENTS = YES;
				CLANG_WARN_EMPTY_BODY = YES;
				CLANG_WARN_ENUM_CONVERSION = YES;
				CLANG_WARN_INFINITE_RECURSION = YES;
				CLANG_WARN_INT_CONVERSION = YES;
				CLANG_WARN_NON_LITERAL_NULL_CONVERSION = YES;
				CLANG_WARN_OBJC_IMPLICIT_RETAIN_SELF = YES;
				CLANG_WARN_OBJC_LITERAL_CONVERSION = YES;
				CLANG_WARN_OBJC_ROOT_CLASS = YES_ERROR;
				CLANG_WARN_RANGE_LOOP_ANALYSIS = YES;
				CLANG_WARN_STRICT_PROTOTYPES = YES;
				CLANG_WARN_SUSPICIOUS_MOVE = YES;
				CLANG_WARN_UNGUARDED_AVAILABILITY = YES_AGGRESSIVE;
				CLANG_WARN_UNREACHABLE_CODE = YES;
				CLANG_WARN__DUPLICATE_METHOD_MATCH = YES;
				COPY_PHASE_STRIP = NO;
				DEBUG_INFORMATION_FORMAT = dwarf;
				ENABLE_STRICT_OBJC_MSGSEND = YES;
				ENABLE_TESTABILITY = YES;
				GCC_C_LANGUAGE_STANDARD = gnu11;
				GCC_DYNAMIC_NO_PIC = NO;
				GCC_NO_COMMON_BLOCKS = YES;
				GCC_OPTIMIZATION_LEVEL = 0;
				GCC_PREPROCESSOR_DEFINITIONS = (
					"DEBUG=1",
					"$(inherited)",
				);
				GCC_WARN_64_TO_32_BIT_CONVERSION = YES;
				GCC_WARN_ABOUT_RETURN_TYPE = YES_ERROR;
				GCC_WARN_UNDECLARED_SELECTOR = YES;
				GCC_WARN_UNINITIALIZED_AUTOS = YES_AGGRESSIVE;
				GCC_WARN_UNUSED_FUNCTION = YES;
				GCC_WARN_UNUSED_VARIABLE = YES;
				IPHONEOS_DEPLOYMENT_TARGET = 13.2;
				MTL_ENABLE_DEBUG_INFO = INCLUDE_SOURCE;
				MTL_FAST_MATH = YES;
				ONLY_ACTIVE_ARCH = YES;
				SDKROOT = iphoneos;
				SWIFT_ACTIVE_COMPILATION_CONDITIONS = DEBUG;
				SWIFT_OPTIMIZATION_LEVEL = "-Onone";
			};
			name = Debug;
		};
		7D69902F23C6971B00C2AF34 /* Release */ = {
			isa = XCBuildConfiguration;
			buildSettings = {
				ALWAYS_SEARCH_USER_PATHS = NO;
				CLANG_ANALYZER_NONNULL = YES;
				CLANG_ANALYZER_NUMBER_OBJECT_CONVERSION = YES_AGGRESSIVE;
				CLANG_CXX_LANGUAGE_STANDARD = "gnu++14";
				CLANG_CXX_LIBRARY = "libc++";
				CLANG_ENABLE_MODULES = YES;
				CLANG_ENABLE_OBJC_ARC = YES;
				CLANG_ENABLE_OBJC_WEAK = YES;
				CLANG_WARN_BLOCK_CAPTURE_AUTORELEASING = YES;
				CLANG_WARN_BOOL_CONVERSION = YES;
				CLANG_WARN_COMMA = YES;
				CLANG_WARN_CONSTANT_CONVERSION = YES;
				CLANG_WARN_DEPRECATED_OBJC_IMPLEMENTATIONS = YES;
				CLANG_WARN_DIRECT_OBJC_ISA_USAGE = YES_ERROR;
				CLANG_WARN_DOCUMENTATION_COMMENTS = YES;
				CLANG_WARN_EMPTY_BODY = YES;
				CLANG_WARN_ENUM_CONVERSION = YES;
				CLANG_WARN_INFINITE_RECURSION = YES;
				CLANG_WARN_INT_CONVERSION = YES;
				CLANG_WARN_NON_LITERAL_NULL_CONVERSION = YES;
				CLANG_WARN_OBJC_IMPLICIT_RETAIN_SELF = YES;
				CLANG_WARN_OBJC_LITERAL_CONVERSION = YES;
				CLANG_WARN_OBJC_ROOT_CLASS = YES_ERROR;
				CLANG_WARN_RANGE_LOOP_ANALYSIS = YES;
				CLANG_WARN_STRICT_PROTOTYPES = YES;
				CLANG_WARN_SUSPICIOUS_MOVE = YES;
				CLANG_WARN_UNGUARDED_AVAILABILITY = YES_AGGRESSIVE;
				CLANG_WARN_UNREACHABLE_CODE = YES;
				CLANG_WARN__DUPLICATE_METHOD_MATCH = YES;
				COPY_PHASE_STRIP = NO;
				DEBUG_INFORMATION_FORMAT = "dwarf-with-dsym";
				ENABLE_NS_ASSERTIONS = NO;
				ENABLE_STRICT_OBJC_MSGSEND = YES;
				GCC_C_LANGUAGE_STANDARD = gnu11;
				GCC_NO_COMMON_BLOCKS = YES;
				GCC_WARN_64_TO_32_BIT_CONVERSION = YES;
				GCC_WARN_ABOUT_RETURN_TYPE = YES_ERROR;
				GCC_WARN_UNDECLARED_SELECTOR = YES;
				GCC_WARN_UNINITIALIZED_AUTOS = YES_AGGRESSIVE;
				GCC_WARN_UNUSED_FUNCTION = YES;
				GCC_WARN_UNUSED_VARIABLE = YES;
				IPHONEOS_DEPLOYMENT_TARGET = 13.2;
				MTL_ENABLE_DEBUG_INFO = NO;
				MTL_FAST_MATH = YES;
				SDKROOT = iphoneos;
				SWIFT_COMPILATION_MODE = wholemodule;
				SWIFT_OPTIMIZATION_LEVEL = "-O";
				VALIDATE_PRODUCT = YES;
			};
			name = Release;
		};
		7D69903123C6971B00C2AF34 /* Debug */ = {
			isa = XCBuildConfiguration;
			baseConfigurationReference = A052752CD292948B4A74F6E7 /* Pods-pod-tester.debug.xcconfig */;
			buildSettings = {
				ASSETCATALOG_COMPILER_APPICON_NAME = AppIcon;
				CODE_SIGN_STYLE = Automatic;
				DEVELOPMENT_TEAM = TVU9P2GAL9;
				INFOPLIST_FILE = "pod-tester/Info.plist";
				LD_RUNPATH_SEARCH_PATHS = (
					"$(inherited)",
					"@executable_path/Frameworks",
				);
				PRODUCT_BUNDLE_IDENTIFIER = "uk.co.bottledlogic.pod-tester";
				PRODUCT_NAME = "$(TARGET_NAME)";
				SWIFT_VERSION = 5.0;
				TARGETED_DEVICE_FAMILY = "1,2";
			};
			name = Debug;
		};
		7D69903223C6971B00C2AF34 /* Release */ = {
			isa = XCBuildConfiguration;
			baseConfigurationReference = 7459333A7838E60826D4407D /* Pods-pod-tester.release.xcconfig */;
			buildSettings = {
				ASSETCATALOG_COMPILER_APPICON_NAME = AppIcon;
				CODE_SIGN_STYLE = Automatic;
				DEVELOPMENT_TEAM = TVU9P2GAL9;
				INFOPLIST_FILE = "pod-tester/Info.plist";
				LD_RUNPATH_SEARCH_PATHS = (
					"$(inherited)",
					"@executable_path/Frameworks",
				);
				PRODUCT_BUNDLE_IDENTIFIER = "uk.co.bottledlogic.pod-tester";
				PRODUCT_NAME = "$(TARGET_NAME)";
				SWIFT_VERSION = 5.0;
				TARGETED_DEVICE_FAMILY = "1,2";
			};
			name = Release;
		};
/* End XCBuildConfiguration section */

/* Begin XCConfigurationList section */
		7D69901723C6971800C2AF34 /* Build configuration list for PBXProject "pod-tester" */ = {
			isa = XCConfigurationList;
			buildConfigurations = (
				7D69902E23C6971B00C2AF34 /* Debug */,
				7D69902F23C6971B00C2AF34 /* Release */,
			);
			defaultConfigurationIsVisible = 0;
			defaultConfigurationName = Release;
		};
		7D69903023C6971B00C2AF34 /* Build configuration list for PBXNativeTarget "pod-tester" */ = {
			isa = XCConfigurationList;
			buildConfigurations = (
				7D69903123C6971B00C2AF34 /* Debug */,
				7D69903223C6971B00C2AF34 /* Release */,
			);
			defaultConfigurationIsVisible = 0;
			defaultConfigurationName = Release;
		};
/* End XCConfigurationList section */
	};
	rootObject = 7D69901423C6971800C2AF34 /* Project object */;
}
