// !$*UTF8*$!
{
	archiveVersion = 1;
	classes = {
	};
	objectVersion = 50;
	objects = {

/* Begin PBXFileReference section */
		7D698FE223C6769C00C2AF34 /* mecab-naist-jdic-macos.bundle */ = {isa = PBXFileReference; explicitFileType = wrapper.cfbundle; includeInIndex = 0; path = "mecab-naist-jdic-macos.bundle"; sourceTree = BUILT_PRODUCTS_DIR; };
		7D698FE523C6769C00C2AF34 /* Info.plist */ = {isa = PBXFileReference; lastKnownFileType = text.plist.xml; path = Info.plist; sourceTree = "<group>"; };
		7D698FEF23C676FA00C2AF34 /* mecab-naist-jdic-ios.bundle */ = {isa = PBXFileReference; explicitFileType = wrapper.cfbundle; includeInIndex = 0; path = "mecab-naist-jdic-ios.bundle"; sourceTree = BUILT_PRODUCTS_DIR; };
		7D698FF123C676FB00C2AF34 /* Info.plist */ = {isa = PBXFileReference; lastKnownFileType = text.plist.xml; path = Info.plist; sourceTree = "<group>"; };
/* End PBXFileReference section */

/* Begin PBXFrameworksBuildPhase section */
		7D698FDF23C6769C00C2AF34 /* Frameworks */ = {
			isa = PBXFrameworksBuildPhase;
			buildActionMask = 2147483647;
			files = (
			);
			runOnlyForDeploymentPostprocessing = 0;
		};
		7D698FEC23C676FA00C2AF34 /* Frameworks */ = {
			isa = PBXFrameworksBuildPhase;
			buildActionMask = 2147483647;
			files = (
			);
			runOnlyForDeploymentPostprocessing = 0;
		};
/* End PBXFrameworksBuildPhase section */

/* Begin PBXGroup section */
		7D698FD923C6769B00C2AF34 = {
			isa = PBXGroup;
			children = (
				7D698FE423C6769C00C2AF34 /* mecab-naist-jdic */,
				7D698FF023C676FB00C2AF34 /* mecab-naist-jdic */,
				7D698FE323C6769C00C2AF34 /* Products */,
			);
			sourceTree = "<group>";
		};
		7D698FE323C6769C00C2AF34 /* Products */ = {
			isa = PBXGroup;
			children = (
				7D698FE223C6769C00C2AF34 /* mecab-naist-jdic-macos.bundle */,
				7D698FEF23C676FA00C2AF34 /* mecab-naist-jdic-ios.bundle */,
			);
			name = Products;
			sourceTree = "<group>";
		};
		7D698FE423C6769C00C2AF34 /* mecab-naist-jdic */ = {
			isa = PBXGroup;
			children = (
				7D698FE523C6769C00C2AF34 /* Info.plist */,
			);
			path = "mecab-naist-jdic";
			sourceTree = "<group>";
		};
		7D698FF023C676FB00C2AF34 /* mecab-naist-jdic */ = {
			isa = PBXGroup;
			children = (
				7D698FF123C676FB00C2AF34 /* Info.plist */,
			);
			path = "mecab-naist-jdic";
			sourceTree = "<group>";
		};
/* End PBXGroup section */

/* Begin PBXNativeTarget section */
		7D698FE123C6769C00C2AF34 /* mecab-naist-jdic-macos */ = {
			isa = PBXNativeTarget;
			buildConfigurationList = 7D698FE823C6769C00C2AF34 /* Build configuration list for PBXNativeTarget "mecab-naist-jdic-macos" */;
			buildPhases = (
				7D698FDE23C6769C00C2AF34 /* Sources */,
				7D698FDF23C6769C00C2AF34 /* Frameworks */,
				7D698FE023C6769C00C2AF34 /* Resources */,
			);
			buildRules = (
			);
			dependencies = (
			);
			name = "mecab-naist-jdic-macos";
			productName = "mecab-naist-jdic";
			productReference = 7D698FE223C6769C00C2AF34 /* mecab-naist-jdic-macos.bundle */;
			productType = "com.apple.product-type.bundle";
		};
		7D698FEE23C676FA00C2AF34 /* mecab-naist-jdic-ios */ = {
			isa = PBXNativeTarget;
			buildConfigurationList = 7D698FF223C676FB00C2AF34 /* Build configuration list for PBXNativeTarget "mecab-naist-jdic-ios" */;
			buildPhases = (
				7D698FEB23C676FA00C2AF34 /* Sources */,
				7D698FEC23C676FA00C2AF34 /* Frameworks */,
				7D698FED23C676FA00C2AF34 /* Resources */,
			);
			buildRules = (
			);
			dependencies = (
			);
			name = "mecab-naist-jdic-ios";
			productName = "mecab-naist-jdic";
			productReference = 7D698FEF23C676FA00C2AF34 /* mecab-naist-jdic-ios.bundle */;
			productType = "com.apple.product-type.bundle";
		};
/* End PBXNativeTarget section */

/* Begin PBXProject section */
		7D698FDA23C6769B00C2AF34 /* Project object */ = {
			isa = PBXProject;
			attributes = {
				LastUpgradeCheck = 1130;
				ORGANIZATIONNAME = "Bottled Logic";
				TargetAttributes = {
					7D698FE123C6769C00C2AF34 = {
						CreatedOnToolsVersion = 11.3;
					};
					7D698FEE23C676FA00C2AF34 = {
						CreatedOnToolsVersion = 11.3;
					};
				};
			};
			buildConfigurationList = 7D698FDD23C6769B00C2AF34 /* Build configuration list for PBXProject "mecab-naist-jdic" */;
			compatibilityVersion = "Xcode 9.3";
			developmentRegion = en;
			hasScannedForEncodings = 0;
			knownRegions = (
				en,
				Base,
			);
			mainGroup = 7D698FD923C6769B00C2AF34;
			productRefGroup = 7D698FE323C6769C00C2AF34 /* Products */;
			projectDirPath = "";
			projectRoot = "";
			targets = (
				7D698FE123C6769C00C2AF34 /* mecab-naist-jdic-macos */,
				7D698FEE23C676FA00C2AF34 /* mecab-naist-jdic-ios */,
			);
		};
/* End PBXProject section */

/* Begin PBXResourcesBuildPhase section */
		7D698FE023C6769C00C2AF34 /* Resources */ = {
			isa = PBXResourcesBuildPhase;
			buildActionMask = 2147483647;
			files = (
			);
			runOnlyForDeploymentPostprocessing = 0;
		};
		7D698FED23C676FA00C2AF34 /* Resources */ = {
			isa = PBXResourcesBuildPhase;
			buildActionMask = 2147483647;
			files = (
			);
			runOnlyForDeploymentPostprocessing = 0;
		};
/* End PBXResourcesBuildPhase section */

/* Begin PBXSourcesBuildPhase section */
		7D698FDE23C6769C00C2AF34 /* Sources */ = {
			isa = PBXSourcesBuildPhase;
			buildActionMask = 2147483647;
			files = (
			);
			runOnlyForDeploymentPostprocessing = 0;
		};
		7D698FEB23C676FA00C2AF34 /* Sources */ = {
			isa = PBXSourcesBuildPhase;
			buildActionMask = 2147483647;
			files = (
			);
			runOnlyForDeploymentPostprocessing = 0;
		};
/* End PBXSourcesBuildPhase section */

/* Begin XCBuildConfiguration section */
		7D698FE623C6769C00C2AF34 /* Debug */ = {
			isa = XCBuildConfiguration;
			buildSettings = {
				ALWAYS_SEARCH_USER_PATHS = NO;
				CLANG_ANALYZER_NONNULL = YES;
				CLANG_ANALYZER_NUMBER_OBJECT_CONVERSION = YES_AGGRESSIVE;
				CLANG_CXX_LANGUAGE_STANDARD = "gnu++14";
				CLANG_CXX_LIBRARY = "libc++";
				CLANG_ENABLE_MODULES = YES;
				CLANG_ENABLE_OBJC_ARC = YES;
				CLANG_ENABLE_OBJC_WEAK = YES;
				CLANG_WARN_BLOCK_CAPTURE_AUTORELEASING = YES;
				CLANG_WARN_BOOL_CONVERSION = YES;
				CLANG_WARN_COMMA = YES;
				CLANG_WARN_CONSTANT_CONVERSION = YES;
				CLANG_WARN_DEPRECATED_OBJC_IMPLEMENTATIONS = YES;
				CLANG_WARN_DIRECT_OBJC_ISA_USAGE = YES_ERROR;
				CLANG_WARN_DOCUMENTATION_COMMENTS = YES;
				CLANG_WARN_EMPTY_BODY = YES;
				CLANG_WARN_ENUM_CONVERSION = YES;
				CLANG_WARN_INFINITE_RECURSION = YES;
				CLANG_WARN_INT_CONVERSION = YES;
				CLANG_WARN_NON_LITERAL_NULL_CONVERSION = YES;
				CLANG_WARN_OBJC_IMPLICIT_RETAIN_SELF = YES;
				CLANG_WARN_OBJC_LITERAL_CONVERSION = YES;
				CLANG_WARN_OBJC_ROOT_CLASS = YES_ERROR;
				CLANG_WARN_RANGE_LOOP_ANALYSIS = YES;
				CLANG_WARN_STRICT_PROTOTYPES = YES;
				CLANG_WARN_SUSPICIOUS_MOVE = YES;
				CLANG_WARN_UNGUARDED_AVAILABILITY = YES_AGGRESSIVE;
				CLANG_WARN_UNREACHABLE_CODE = YES;
				CLANG_WARN__DUPLICATE_METHOD_MATCH = YES;
				COPY_PHASE_STRIP = NO;
				DEBUG_INFORMATION_FORMAT = dwarf;
				ENABLE_STRICT_OBJC_MSGSEND = YES;
				ENABLE_TESTABILITY = YES;
				GCC_C_LANGUAGE_STANDARD = gnu11;
				GCC_DYNAMIC_NO_PIC = NO;
				GCC_NO_COMMON_BLOCKS = YES;
				GCC_OPTIMIZATION_LEVEL = 0;
				GCC_PREPROCESSOR_DEFINITIONS = (
					"DEBUG=1",
					"$(inherited)",
				);
				GCC_WARN_64_TO_32_BIT_CONVERSION = YES;
				GCC_WARN_ABOUT_RETURN_TYPE = YES_ERROR;
				GCC_WARN_UNDECLARED_SELECTOR = YES;
				GCC_WARN_UNINITIALIZED_AUTOS = YES_AGGRESSIVE;
				GCC_WARN_UNUSED_FUNCTION = YES;
				GCC_WARN_UNUSED_VARIABLE = YES;
				MACOSX_DEPLOYMENT_TARGET = 10.14;
				MTL_ENABLE_DEBUG_INFO = INCLUDE_SOURCE;
				MTL_FAST_MATH = YES;
				ONLY_ACTIVE_ARCH = YES;
				SDKROOT = macosx;
			};
			name = Debug;
		};
		7D698FE723C6769C00C2AF34 /* Release */ = {
			isa = XCBuildConfiguration;
			buildSettings = {
				ALWAYS_SEARCH_USER_PATHS = NO;
				CLANG_ANALYZER_NONNULL = YES;
				CLANG_ANALYZER_NUMBER_OBJECT_CONVERSION = YES_AGGRESSIVE;
				CLANG_CXX_LANGUAGE_STANDARD = "gnu++14";
				CLANG_CXX_LIBRARY = "libc++";
				CLANG_ENABLE_MODULES = YES;
				CLANG_ENABLE_OBJC_ARC = YES;
				CLANG_ENABLE_OBJC_WEAK = YES;
				CLANG_WARN_BLOCK_CAPTURE_AUTORELEASING = YES;
				CLANG_WARN_BOOL_CONVERSION = YES;
				CLANG_WARN_COMMA = YES;
				CLANG_WARN_CONSTANT_CONVERSION = YES;
				CLANG_WARN_DEPRECATED_OBJC_IMPLEMENTATIONS = YES;
				CLANG_WARN_DIRECT_OBJC_ISA_USAGE = YES_ERROR;
				CLANG_WARN_DOCUMENTATION_COMMENTS = YES;
				CLANG_WARN_EMPTY_BODY = YES;
				CLANG_WARN_ENUM_CONVERSION = YES;
				CLANG_WARN_INFINITE_RECURSION = YES;
				CLANG_WARN_INT_CONVERSION = YES;
				CLANG_WARN_NON_LITERAL_NULL_CONVERSION = YES;
				CLANG_WARN_OBJC_IMPLICIT_RETAIN_SELF = YES;
				CLANG_WARN_OBJC_LITERAL_CONVERSION = YES;
				CLANG_WARN_OBJC_ROOT_CLASS = YES_ERROR;
				CLANG_WARN_RANGE_LOOP_ANALYSIS = YES;
				CLANG_WARN_STRICT_PROTOTYPES = YES;
				CLANG_WARN_SUSPICIOUS_MOVE = YES;
				CLANG_WARN_UNGUARDED_AVAILABILITY = YES_AGGRESSIVE;
				CLANG_WARN_UNREACHABLE_CODE = YES;
				CLANG_WARN__DUPLICATE_METHOD_MATCH = YES;
				COPY_PHASE_STRIP = NO;
				DEBUG_INFORMATION_FORMAT = "dwarf-with-dsym";
				ENABLE_NS_ASSERTIONS = NO;
				ENABLE_STRICT_OBJC_MSGSEND = YES;
				GCC_C_LANGUAGE_STANDARD = gnu11;
				GCC_NO_COMMON_BLOCKS = YES;
				GCC_WARN_64_TO_32_BIT_CONVERSION = YES;
				GCC_WARN_ABOUT_RETURN_TYPE = YES_ERROR;
				GCC_WARN_UNDECLARED_SELECTOR = YES;
				GCC_WARN_UNINITIALIZED_AUTOS = YES_AGGRESSIVE;
				GCC_WARN_UNUSED_FUNCTION = YES;
				GCC_WARN_UNUSED_VARIABLE = YES;
				MACOSX_DEPLOYMENT_TARGET = 10.14;
				MTL_ENABLE_DEBUG_INFO = NO;
				MTL_FAST_MATH = YES;
				SDKROOT = macosx;
			};
			name = Release;
		};
		7D698FE923C6769C00C2AF34 /* Debug */ = {
			isa = XCBuildConfiguration;
			buildSettings = {
				CODE_SIGN_STYLE = Automatic;
				COMBINE_HIDPI_IMAGES = YES;
				DEVELOPMENT_TEAM = TVU9P2GAL9;
				INFOPLIST_FILE = "mecab-naist-jdic/Info.plist";
				INSTALL_PATH = "$(LOCAL_LIBRARY_DIR)/Bundles";
				PRODUCT_BUNDLE_IDENTIFIER = "uk.co.bottledlogic.mecab-naist-jdic";
				PRODUCT_NAME = "$(TARGET_NAME)";
				SKIP_INSTALL = YES;
				WRAPPER_EXTENSION = bundle;
			};
			name = Debug;
		};
		7D698FEA23C6769C00C2AF34 /* Release */ = {
			isa = XCBuildConfiguration;
			buildSettings = {
				CODE_SIGN_STYLE = Automatic;
				COMBINE_HIDPI_IMAGES = YES;
				DEVELOPMENT_TEAM = TVU9P2GAL9;
				INFOPLIST_FILE = "mecab-naist-jdic/Info.plist";
				INSTALL_PATH = "$(LOCAL_LIBRARY_DIR)/Bundles";
				PRODUCT_BUNDLE_IDENTIFIER = "uk.co.bottledlogic.mecab-naist-jdic";
				PRODUCT_NAME = "$(TARGET_NAME)";
				SKIP_INSTALL = YES;
				WRAPPER_EXTENSION = bundle;
			};
			name = Release;
		};
		7D698FF323C676FB00C2AF34 /* Debug */ = {
			isa = XCBuildConfiguration;
			buildSettings = {
				CODE_SIGN_STYLE = Automatic;
				COMBINE_HIDPI_IMAGES = YES;
				DEVELOPMENT_TEAM = TVU9P2GAL9;
				INFOPLIST_FILE = "mecab-naist-jdic/Info.plist";
				INSTALL_PATH = "$(LOCAL_LIBRARY_DIR)/Bundles";
				PRODUCT_BUNDLE_IDENTIFIER = "uk.co.bottledlogic.mecab-naist-jdic";
				PRODUCT_NAME = "$(TARGET_NAME)";
				SDKROOT = iphoneos;
				SKIP_INSTALL = YES;
				WRAPPER_EXTENSION = bundle;
			};
			name = Debug;
		};
		7D698FF423C676FB00C2AF34 /* Release */ = {
			isa = XCBuildConfiguration;
			buildSettings = {
				CODE_SIGN_STYLE = Automatic;
				COMBINE_HIDPI_IMAGES = YES;
				DEVELOPMENT_TEAM = TVU9P2GAL9;
				INFOPLIST_FILE = "mecab-naist-jdic/Info.plist";
				INSTALL_PATH = "$(LOCAL_LIBRARY_DIR)/Bundles";
				PRODUCT_BUNDLE_IDENTIFIER = "uk.co.bottledlogic.mecab-naist-jdic";
				PRODUCT_NAME = "$(TARGET_NAME)";
				SDKROOT = iphoneos;
				SKIP_INSTALL = YES;
				WRAPPER_EXTENSION = bundle;
			};
			name = Release;
		};
/* End XCBuildConfiguration section */

/* Begin XCConfigurationList section */
		7D698FDD23C6769B00C2AF34 /* Build configuration list for PBXProject "mecab-naist-jdic" */ = {
			isa = XCConfigurationList;
			buildConfigurations = (
				7D698FE623C6769C00C2AF34 /* Debug */,
				7D698FE723C6769C00C2AF34 /* Release */,
			);
			defaultConfigurationIsVisible = 0;
			defaultConfigurationName = Release;
		};
		7D698FE823C6769C00C2AF34 /* Build configuration list for PBXNativeTarget "mecab-naist-jdic-macos" */ = {
			isa = XCConfigurationList;
			buildConfigurations = (
				7D698FE923C6769C00C2AF34 /* Debug */,
				7D698FEA23C6769C00C2AF34 /* Release */,
			);
			defaultConfigurationIsVisible = 0;
			defaultConfigurationName = Release;
		};
		7D698FF223C676FB00C2AF34 /* Build configuration list for PBXNativeTarget "mecab-naist-jdic-ios" */ = {
			isa = XCConfigurationList;
			buildConfigurations = (
				7D698FF323C676FB00C2AF34 /* Debug */,
				7D698FF423C676FB00C2AF34 /* Release */,
			);
			defaultConfigurationIsVisible = 0;
			defaultConfigurationName = Release;
		};
/* End XCConfigurationList section */
	};
	rootObject = 7D698FDA23C6769B00C2AF34 /* Project object */;
}
