// !$*UTF8*$!
{
	archiveVersion = 1;
	classes = {
	};
	objectVersion = 45;
	objects = {

/* Begin PBXBuildFile section */
		7D60FC751FB74B7B006E7BF8 /* char_property.h in Headers */ = {isa = PBXBuildFile; fileRef = 7D60FC261FB749CB006E7BF8 /* char_property.h */; };
		7D60FC761FB74B7B006E7BF8 /* common.h in Headers */ = {isa = PBXBuildFile; fileRef = 7D60FC361FB749CE006E7BF8 /* common.h */; };
		7D60FC771FB74B7B006E7BF8 /* config.h in Headers */ = {isa = PBXBuildFile; fileRef = 7D60FC311FB749CD006E7BF8 /* config.h */; };
		7D60FC781FB74B7B006E7BF8 /* connector.h in Headers */ = {isa = PBXBuildFile; fileRef = 7D60FC081FB749C7006E7BF8 /* connector.h */; };
		7D60FC791FB74B7B006E7BF8 /* context_id.h in Headers */ = {isa = PBXBuildFile; fileRef = 7D60FC141FB749C8006E7BF8 /* context_id.h */; };
		7D60FC7A1FB74B7B006E7BF8 /* dictionary_rewriter.h in Headers */ = {isa = PBXBuildFile; fileRef = 7D60FC091FB749C7006E7BF8 /* dictionary_rewriter.h */; };
		7D60FC7B1FB74B7B006E7BF8 /* dictionary.h in Headers */ = {isa = PBXBuildFile; fileRef = 7D60FC0B1FB749C7006E7BF8 /* dictionary.h */; };
		7D60FC7C1FB74B7B006E7BF8 /* feature_index.h in Headers */ = {isa = PBXBuildFile; fileRef = 7D60FC2D1FB749CD006E7BF8 /* feature_index.h */; };
		7D60FC7D1FB74B7B006E7BF8 /* freelist.h in Headers */ = {isa = PBXBuildFile; fileRef = 7D60FC251FB749CB006E7BF8 /* freelist.h */; };
		7D60FC7E1FB74B7B006E7BF8 /* iconv_utils.h in Headers */ = {isa = PBXBuildFile; fileRef = 7D60FC121FB749C8006E7BF8 /* iconv_utils.h */; };
		7D60FC7F1FB74B7B006E7BF8 /* lbfgs.h in Headers */ = {isa = PBXBuildFile; fileRef = 7D60FC201FB749CA006E7BF8 /* lbfgs.h */; };
		7D60FC801FB74B7B006E7BF8 /* learner_node.h in Headers */ = {isa = PBXBuildFile; fileRef = 7D60FC231FB749CB006E7BF8 /* learner_node.h */; };
		7D60FC811FB74B7B006E7BF8 /* learner_tagger.h in Headers */ = {isa = PBXBuildFile; fileRef = 7D60FC071FB749C6006E7BF8 /* learner_tagger.h */; };
		7D60FC821FB74B7B006E7BF8 /* mecab.h in Headers */ = {isa = PBXBuildFile; fileRef = 7D60FC061FB749C6006E7BF8 /* mecab.h */; settings = {ATTRIBUTES = (Public, ); }; };
		7D60FC831FB74B7B006E7BF8 /* mempool.h in Headers */ = {isa = PBXBuildFile; fileRef = 7D60FC021FB749C6006E7BF8 /* mempool.h */; };
		7D60FC841FB74B7B006E7BF8 /* mmap.h in Headers */ = {isa = PBXBuildFile; fileRef = 7D60FC151FB749C9006E7BF8 /* mmap.h */; };
		7D60FC851FB74B7B006E7BF8 /* mutex.h in Headers */ = {isa = PBXBuildFile; fileRef = 7D60FBFE1FB749C5006E7BF8 /* mutex.h */; };
		7D60FC861FB74B7B006E7BF8 /* nbest_generator.h in Headers */ = {isa = PBXBuildFile; fileRef = 7D60FC181FB749C9006E7BF8 /* nbest_generator.h */; };
		7D60FC871FB74B7B006E7BF8 /* param.h in Headers */ = {isa = PBXBuildFile; fileRef = 7D60FC1C1FB749CA006E7BF8 /* param.h */; };
		7D60FC881FB74B7B006E7BF8 /* scoped_ptr.h in Headers */ = {isa = PBXBuildFile; fileRef = 7D60FC1A1FB749C9006E7BF8 /* scoped_ptr.h */; };
		7D60FC891FB74B7B006E7BF8 /* stream_wrapper.h in Headers */ = {isa = PBXBuildFile; fileRef = 7D60FBFF1FB749C5006E7BF8 /* stream_wrapper.h */; };
		7D60FC8A1FB74B7B006E7BF8 /* string_buffer.h in Headers */ = {isa = PBXBuildFile; fileRef = 7D60FC211FB749CB006E7BF8 /* string_buffer.h */; };
		7D60FC8B1FB74B7B006E7BF8 /* thread.h in Headers */ = {isa = PBXBuildFile; fileRef = 7D60FC371FB749CE006E7BF8 /* thread.h */; };
		7D60FC8C1FB74B7B006E7BF8 /* tokenizer.h in Headers */ = {isa = PBXBuildFile; fileRef = 7D60FC2A1FB749CC006E7BF8 /* tokenizer.h */; };
		7D60FC8D1FB74B7B006E7BF8 /* ucs.h in Headers */ = {isa = PBXBuildFile; fileRef = 7D60FC041FB749C6006E7BF8 /* ucs.h */; };
		7D60FC8E1FB74B7B006E7BF8 /* ucstable.h in Headers */ = {isa = PBXBuildFile; fileRef = 7D60FC341FB749CE006E7BF8 /* ucstable.h */; };
		7D60FC8F1FB74B7B006E7BF8 /* utils.h in Headers */ = {isa = PBXBuildFile; fileRef = 7D60FC191FB749C9006E7BF8 /* utils.h */; };
		7D60FC901FB74B7B006E7BF8 /* viterbi.h in Headers */ = {isa = PBXBuildFile; fileRef = 7D60FC1E1FB749CA006E7BF8 /* viterbi.h */; };
		7D60FC911FB74B7B006E7BF8 /* viterbisub.h in Headers */ = {isa = PBXBuildFile; fileRef = 7D60FC1F1FB749CA006E7BF8 /* viterbisub.h */; };
		7D60FC921FB74B7B006E7BF8 /* writer.h in Headers */ = {isa = PBXBuildFile; fileRef = 7D60FC351FB749CE006E7BF8 /* writer.h */; };
		7D60FC931FB74C08006E7BF8 /* char_property.cpp in Sources */ = {isa = PBXBuildFile; fileRef = 7D60FC331FB749CE006E7BF8 /* char_property.cpp */; };
		7D60FC941FB74C08006E7BF8 /* connector.cpp in Sources */ = {isa = PBXBuildFile; fileRef = 7D60FC291FB749CC006E7BF8 /* connector.cpp */; };
		7D60FC951FB74C08006E7BF8 /* context_id.cpp in Sources */ = {isa = PBXBuildFile; fileRef = 7D60FC171FB749C9006E7BF8 /* context_id.cpp */; };
		7D60FC961FB74C08006E7BF8 /* dictionary_compiler.cpp in Sources */ = {isa = PBXBuildFile; fileRef = 7D60FC301FB749CD006E7BF8 /* dictionary_compiler.cpp */; };
		7D60FC971FB74C08006E7BF8 /* dictionary_generator.cpp in Sources */ = {isa = PBXBuildFile; fileRef = 7D60FC0E1FB749C7006E7BF8 /* dictionary_generator.cpp */; };
		7D60FC981FB74C08006E7BF8 /* dictionary_rewriter.cpp in Sources */ = {isa = PBXBuildFile; fileRef = 7D60FC2B1FB749CC006E7BF8 /* dictionary_rewriter.cpp */; };
		7D60FC991FB74C08006E7BF8 /* dictionary.cpp in Sources */ = {isa = PBXBuildFile; fileRef = 7D60FC0A1FB749C7006E7BF8 /* dictionary.cpp */; };
		7D60FC9A1FB74C08006E7BF8 /* eval.cpp in Sources */ = {isa = PBXBuildFile; fileRef = 7D60FC221FB749CB006E7BF8 /* eval.cpp */; };
		7D60FC9B1FB74C08006E7BF8 /* feature_index.cpp in Sources */ = {isa = PBXBuildFile; fileRef = 7D60FC2E1FB749CD006E7BF8 /* feature_index.cpp */; };
		7D60FC9C1FB74C08006E7BF8 /* iconv_utils.cpp in Sources */ = {isa = PBXBuildFile; fileRef = 7D60FC271FB749CC006E7BF8 /* iconv_utils.cpp */; };
		7D60FC9D1FB74C08006E7BF8 /* lbfgs.cpp in Sources */ = {isa = PBXBuildFile; fileRef = 7D60FC1B1FB749CA006E7BF8 /* lbfgs.cpp */; };
		7D60FC9E1FB74C08006E7BF8 /* learner_tagger.cpp in Sources */ = {isa = PBXBuildFile; fileRef = 7D60FC241FB749CB006E7BF8 /* learner_tagger.cpp */; };
		7D60FC9F1FB74C08006E7BF8 /* learner.cpp in Sources */ = {isa = PBXBuildFile; fileRef = 7D60FC0C1FB749C7006E7BF8 /* learner.cpp */; };
		7D60FCA01FB74C08006E7BF8 /* libmecab.cpp in Sources */ = {isa = PBXBuildFile; fileRef = 7D60FC2C1FB749CD006E7BF8 /* libmecab.cpp */; };
		7D60FCA11FB74C08006E7BF8 /* mecab-cost-train.cpp in Sources */ = {isa = PBXBuildFile; fileRef = 7D60FC0D1FB749C7006E7BF8 /* mecab-cost-train.cpp */; };
		7D60FCA21FB74C08006E7BF8 /* mecab-dict-gen.cpp in Sources */ = {isa = PBXBuildFile; fileRef = 7D60FC131FB749C8006E7BF8 /* mecab-dict-gen.cpp */; };
		7D60FCA31FB74C08006E7BF8 /* mecab-dict-index.cpp in Sources */ = {isa = PBXBuildFile; fileRef = 7D60FC321FB749CE006E7BF8 /* mecab-dict-index.cpp */; };
		7D60FCA41FB74C08006E7BF8 /* mecab-system-eval.cpp in Sources */ = {isa = PBXBuildFile; fileRef = 7D60FC011FB749C6006E7BF8 /* mecab-system-eval.cpp */; };
		7D60FCA51FB74C08006E7BF8 /* mecab-test-gen.cpp in Sources */ = {isa = PBXBuildFile; fileRef = 7D60FC2F1FB749CD006E7BF8 /* mecab-test-gen.cpp */; };
		7D60FCA61FB74C08006E7BF8 /* mecab.cpp in Sources */ = {isa = PBXBuildFile; fileRef = 7D60FC001FB749C6006E7BF8 /* mecab.cpp */; };
		7D60FCA71FB74C08006E7BF8 /* nbest_generator.cpp in Sources */ = {isa = PBXBuildFile; fileRef = 7D60FC1D1FB749CA006E7BF8 /* nbest_generator.cpp */; };
		7D60FCA81FB74C08006E7BF8 /* param.cpp in Sources */ = {isa = PBXBuildFile; fileRef = 7D60FC161FB749C9006E7BF8 /* param.cpp */; };
		7D60FCA91FB74C08006E7BF8 /* string_buffer.cpp in Sources */ = {isa = PBXBuildFile; fileRef = 7D60FC281FB749CC006E7BF8 /* string_buffer.cpp */; };
		7D60FCAA1FB74C08006E7BF8 /* tagger.cpp in Sources */ = {isa = PBXBuildFile; fileRef = 7D60FC031FB749C6006E7BF8 /* tagger.cpp */; };
		7D60FCAB1FB74C08006E7BF8 /* tokenizer.cpp in Sources */ = {isa = PBXBuildFile; fileRef = 7D60FC0F1FB749C8006E7BF8 /* tokenizer.cpp */; };
		7D60FCAC1FB74C08006E7BF8 /* utils.cpp in Sources */ = {isa = PBXBuildFile; fileRef = 7D60FC051FB749C6006E7BF8 /* utils.cpp */; };
		7D60FCAD1FB74C08006E7BF8 /* viterbi.cpp in Sources */ = {isa = PBXBuildFile; fileRef = 7D60FC101FB749C8006E7BF8 /* viterbi.cpp */; };
		7D60FCAE1FB74C08006E7BF8 /* writer.cpp in Sources */ = {isa = PBXBuildFile; fileRef = 7D60FC111FB749C8006E7BF8 /* writer.cpp */; };
		7D60FCB11FB74C60006E7BF8 /* mecab_Prefix.pch in Headers */ = {isa = PBXBuildFile; fileRef = 7D60FCB01FB74C60006E7BF8 /* mecab_Prefix.pch */; };
		7D60FCB21FB74D05006E7BF8 /* darts.h in Headers */ = {isa = PBXBuildFile; fileRef = 7D60FC381FB749CF006E7BF8 /* darts.h */; };
		7D60FCB71FB74FD1006E7BF8 /* Node.m in Sources */ = {isa = PBXBuildFile; fileRef = 7D60FCB31FB74FD1006E7BF8 /* Node.m */; };
		7D60FCB81FB74FD1006E7BF8 /* Mecab.m in Sources */ = {isa = PBXBuildFile; fileRef = 7D60FCB41FB74FD1006E7BF8 /* Mecab.m */; };
		7D60FCB91FB74FD1006E7BF8 /* Node.h in Headers */ = {isa = PBXBuildFile; fileRef = 7D60FCB51FB74FD1006E7BF8 /* Node.h */; settings = {ATTRIBUTES = (Public, ); }; };
		7D60FCBA1FB74FD1006E7BF8 /* Mecab.h in Headers */ = {isa = PBXBuildFile; fileRef = 7D60FCB61FB74FD1006E7BF8 /* Mecab.h */; settings = {ATTRIBUTES = (Public, ); }; };
		7D60FCBE1FB751C5006E7BF8 /* MeCab.h in Headers */ = {isa = PBXBuildFile; fileRef = 7D60FCBC1FB751C5006E7BF8 /* MeCab.h */; settings = {ATTRIBUTES = (Public, ); }; };
		7D60FCC01FB76882006E7BF8 /* LibMecabSample-Bridging-Header.h in Headers */ = {isa = PBXBuildFile; fileRef = 7D60FCBF1FB76881006E7BF8 /* LibMecabSample-Bridging-Header.h */; };
		AACBBE4A0F95108600F1A2B1 /* Foundation.framework in Frameworks */ = {isa = PBXBuildFile; fileRef = AACBBE490F95108600F1A2B1 /* Foundation.framework */; };
/* End PBXBuildFile section */

/* Begin PBXFileReference section */
		7D60FBFE1FB749C5006E7BF8 /* mutex.h */ = {isa = PBXFileReference; fileEncoding = 4; lastKnownFileType = sourcecode.c.h; path = mutex.h; sourceTree = "<group>"; };
		7D60FBFF1FB749C5006E7BF8 /* stream_wrapper.h */ = {isa = PBXFileReference; fileEncoding = 4; lastKnownFileType = sourcecode.c.h; path = stream_wrapper.h; sourceTree = "<group>"; };
		7D60FC001FB749C6006E7BF8 /* mecab.cpp */ = {isa = PBXFileReference; fileEncoding = 4; lastKnownFileType = sourcecode.cpp.cpp; path = mecab.cpp; sourceTree = "<group>"; };
		7D60FC011FB749C6006E7BF8 /* mecab-system-eval.cpp */ = {isa = PBXFileReference; fileEncoding = 4; lastKnownFileType = sourcecode.cpp.cpp; path = "mecab-system-eval.cpp"; sourceTree = "<group>"; };
		7D60FC021FB749C6006E7BF8 /* mempool.h */ = {isa = PBXFileReference; fileEncoding = 4; lastKnownFileType = sourcecode.c.h; path = mempool.h; sourceTree = "<group>"; };
		7D60FC031FB749C6006E7BF8 /* tagger.cpp */ = {isa = PBXFileReference; fileEncoding = 4; lastKnownFileType = sourcecode.cpp.cpp; path = tagger.cpp; sourceTree = "<group>"; };
		7D60FC041FB749C6006E7BF8 /* ucs.h */ = {isa = PBXFileReference; fileEncoding = 4; lastKnownFileType = sourcecode.c.h; path = ucs.h; sourceTree = "<group>"; };
		7D60FC051FB749C6006E7BF8 /* utils.cpp */ = {isa = PBXFileReference; fileEncoding = 4; lastKnownFileType = sourcecode.cpp.cpp; path = utils.cpp; sourceTree = "<group>"; };
		7D60FC061FB749C6006E7BF8 /* mecab.h */ = {isa = PBXFileReference; fileEncoding = 4; lastKnownFileType = sourcecode.c.h; path = mecab.h; sourceTree = "<group>"; };
		7D60FC071FB749C6006E7BF8 /* learner_tagger.h */ = {isa = PBXFileReference; fileEncoding = 4; lastKnownFileType = sourcecode.c.h; path = learner_tagger.h; sourceTree = "<group>"; };
		7D60FC081FB749C7006E7BF8 /* connector.h */ = {isa = PBXFileReference; fileEncoding = 4; lastKnownFileType = sourcecode.c.h; path = connector.h; sourceTree = "<group>"; };
		7D60FC091FB749C7006E7BF8 /* dictionary_rewriter.h */ = {isa = PBXFileReference; fileEncoding = 4; lastKnownFileType = sourcecode.c.h; path = dictionary_rewriter.h; sourceTree = "<group>"; };
		7D60FC0A1FB749C7006E7BF8 /* dictionary.cpp */ = {isa = PBXFileReference; fileEncoding = 4; lastKnownFileType = sourcecode.cpp.cpp; path = dictionary.cpp; sourceTree = "<group>"; };
		7D60FC0B1FB749C7006E7BF8 /* dictionary.h */ = {isa = PBXFileReference; fileEncoding = 4; lastKnownFileType = sourcecode.c.h; path = dictionary.h; sourceTree = "<group>"; };
		7D60FC0C1FB749C7006E7BF8 /* learner.cpp */ = {isa = PBXFileReference; fileEncoding = 4; lastKnownFileType = sourcecode.cpp.cpp; path = learner.cpp; sourceTree = "<group>"; };
		7D60FC0D1FB749C7006E7BF8 /* mecab-cost-train.cpp */ = {isa = PBXFileReference; fileEncoding = 4; lastKnownFileType = sourcecode.cpp.cpp; path = "mecab-cost-train.cpp"; sourceTree = "<group>"; };
		7D60FC0E1FB749C7006E7BF8 /* dictionary_generator.cpp */ = {isa = PBXFileReference; fileEncoding = 4; lastKnownFileType = sourcecode.cpp.cpp; path = dictionary_generator.cpp; sourceTree = "<group>"; };
		7D60FC0F1FB749C8006E7BF8 /* tokenizer.cpp */ = {isa = PBXFileReference; fileEncoding = 4; lastKnownFileType = sourcecode.cpp.cpp; path = tokenizer.cpp; sourceTree = "<group>"; };
		7D60FC101FB749C8006E7BF8 /* viterbi.cpp */ = {isa = PBXFileReference; fileEncoding = 4; lastKnownFileType = sourcecode.cpp.cpp; path = viterbi.cpp; sourceTree = "<group>"; };
		7D60FC111FB749C8006E7BF8 /* writer.cpp */ = {isa = PBXFileReference; fileEncoding = 4; lastKnownFileType = sourcecode.cpp.cpp; path = writer.cpp; sourceTree = "<group>"; };
		7D60FC121FB749C8006E7BF8 /* iconv_utils.h */ = {isa = PBXFileReference; fileEncoding = 4; lastKnownFileType = sourcecode.c.h; path = iconv_utils.h; sourceTree = "<group>"; };
		7D60FC131FB749C8006E7BF8 /* mecab-dict-gen.cpp */ = {isa = PBXFileReference; fileEncoding = 4; lastKnownFileType = sourcecode.cpp.cpp; path = "mecab-dict-gen.cpp"; sourceTree = "<group>"; };
		7D60FC141FB749C8006E7BF8 /* context_id.h */ = {isa = PBXFileReference; fileEncoding = 4; lastKnownFileType = sourcecode.c.h; path = context_id.h; sourceTree = "<group>"; };
		7D60FC151FB749C9006E7BF8 /* mmap.h */ = {isa = PBXFileReference; fileEncoding = 4; lastKnownFileType = sourcecode.c.h; path = mmap.h; sourceTree = "<group>"; };
		7D60FC161FB749C9006E7BF8 /* param.cpp */ = {isa = PBXFileReference; fileEncoding = 4; lastKnownFileType = sourcecode.cpp.cpp; path = param.cpp; sourceTree = "<group>"; };
		7D60FC171FB749C9006E7BF8 /* context_id.cpp */ = {isa = PBXFileReference; fileEncoding = 4; lastKnownFileType = sourcecode.cpp.cpp; path = context_id.cpp; sourceTree = "<group>"; };
		7D60FC181FB749C9006E7BF8 /* nbest_generator.h */ = {isa = PBXFileReference; fileEncoding = 4; lastKnownFileType = sourcecode.c.h; path = nbest_generator.h; sourceTree = "<group>"; };
		7D60FC191FB749C9006E7BF8 /* utils.h */ = {isa = PBXFileReference; fileEncoding = 4; lastKnownFileType = sourcecode.c.h; path = utils.h; sourceTree = "<group>"; };
		7D60FC1A1FB749C9006E7BF8 /* scoped_ptr.h */ = {isa = PBXFileReference; fileEncoding = 4; lastKnownFileType = sourcecode.c.h; path = scoped_ptr.h; sourceTree = "<group>"; };
		7D60FC1B1FB749CA006E7BF8 /* lbfgs.cpp */ = {isa = PBXFileReference; fileEncoding = 4; lastKnownFileType = sourcecode.cpp.cpp; path = lbfgs.cpp; sourceTree = "<group>"; };
		7D60FC1C1FB749CA006E7BF8 /* param.h */ = {isa = PBXFileReference; fileEncoding = 4; lastKnownFileType = sourcecode.c.h; path = param.h; sourceTree = "<group>"; };
		7D60FC1D1FB749CA006E7BF8 /* nbest_generator.cpp */ = {isa = PBXFileReference; fileEncoding = 4; lastKnownFileType = sourcecode.cpp.cpp; path = nbest_generator.cpp; sourceTree = "<group>"; };
		7D60FC1E1FB749CA006E7BF8 /* viterbi.h */ = {isa = PBXFileReference; fileEncoding = 4; lastKnownFileType = sourcecode.c.h; path = viterbi.h; sourceTree = "<group>"; };
		7D60FC1F1FB749CA006E7BF8 /* viterbisub.h */ = {isa = PBXFileReference; fileEncoding = 4; lastKnownFileType = sourcecode.c.h; path = viterbisub.h; sourceTree = "<group>"; };
		7D60FC201FB749CA006E7BF8 /* lbfgs.h */ = {isa = PBXFileReference; fileEncoding = 4; lastKnownFileType = sourcecode.c.h; path = lbfgs.h; sourceTree = "<group>"; };
		7D60FC211FB749CB006E7BF8 /* string_buffer.h */ = {isa = PBXFileReference; fileEncoding = 4; lastKnownFileType = sourcecode.c.h; path = string_buffer.h; sourceTree = "<group>"; };
		7D60FC221FB749CB006E7BF8 /* eval.cpp */ = {isa = PBXFileReference; fileEncoding = 4; lastKnownFileType = sourcecode.cpp.cpp; path = eval.cpp; sourceTree = "<group>"; };
		7D60FC231FB749CB006E7BF8 /* learner_node.h */ = {isa = PBXFileReference; fileEncoding = 4; lastKnownFileType = sourcecode.c.h; path = learner_node.h; sourceTree = "<group>"; };
		7D60FC241FB749CB006E7BF8 /* learner_tagger.cpp */ = {isa = PBXFileReference; fileEncoding = 4; lastKnownFileType = sourcecode.cpp.cpp; path = learner_tagger.cpp; sourceTree = "<group>"; };
		7D60FC251FB749CB006E7BF8 /* freelist.h */ = {isa = PBXFileReference; fileEncoding = 4; lastKnownFileType = sourcecode.c.h; path = freelist.h; sourceTree = "<group>"; };
		7D60FC261FB749CB006E7BF8 /* char_property.h */ = {isa = PBXFileReference; fileEncoding = 4; lastKnownFileType = sourcecode.c.h; path = char_property.h; sourceTree = "<group>"; };
		7D60FC271FB749CC006E7BF8 /* iconv_utils.cpp */ = {isa = PBXFileReference; fileEncoding = 4; lastKnownFileType = sourcecode.cpp.cpp; path = iconv_utils.cpp; sourceTree = "<group>"; };
		7D60FC281FB749CC006E7BF8 /* string_buffer.cpp */ = {isa = PBXFileReference; fileEncoding = 4; lastKnownFileType = sourcecode.cpp.cpp; path = string_buffer.cpp; sourceTree = "<group>"; };
		7D60FC291FB749CC006E7BF8 /* connector.cpp */ = {isa = PBXFileReference; fileEncoding = 4; lastKnownFileType = sourcecode.cpp.cpp; path = connector.cpp; sourceTree = "<group>"; };
		7D60FC2A1FB749CC006E7BF8 /* tokenizer.h */ = {isa = PBXFileReference; fileEncoding = 4; lastKnownFileType = sourcecode.c.h; path = tokenizer.h; sourceTree = "<group>"; };
		7D60FC2B1FB749CC006E7BF8 /* dictionary_rewriter.cpp */ = {isa = PBXFileReference; fileEncoding = 4; lastKnownFileType = sourcecode.cpp.cpp; path = dictionary_rewriter.cpp; sourceTree = "<group>"; };
		7D60FC2C1FB749CD006E7BF8 /* libmecab.cpp */ = {isa = PBXFileReference; fileEncoding = 4; lastKnownFileType = sourcecode.cpp.cpp; path = libmecab.cpp; sourceTree = "<group>"; };
		7D60FC2D1FB749CD006E7BF8 /* feature_index.h */ = {isa = PBXFileReference; fileEncoding = 4; lastKnownFileType = sourcecode.c.h; path = feature_index.h; sourceTree = "<group>"; };
		7D60FC2E1FB749CD006E7BF8 /* feature_index.cpp */ = {isa = PBXFileReference; fileEncoding = 4; lastKnownFileType = sourcecode.cpp.cpp; path = feature_index.cpp; sourceTree = "<group>"; };
		7D60FC2F1FB749CD006E7BF8 /* mecab-test-gen.cpp */ = {isa = PBXFileReference; fileEncoding = 4; lastKnownFileType = sourcecode.cpp.cpp; path = "mecab-test-gen.cpp"; sourceTree = "<group>"; };
		7D60FC301FB749CD006E7BF8 /* dictionary_compiler.cpp */ = {isa = PBXFileReference; fileEncoding = 4; lastKnownFileType = sourcecode.cpp.cpp; path = dictionary_compiler.cpp; sourceTree = "<group>"; };
		7D60FC311FB749CD006E7BF8 /* config.h */ = {isa = PBXFileReference; fileEncoding = 4; lastKnownFileType = sourcecode.c.h; path = config.h; sourceTree = "<group>"; };
		7D60FC321FB749CE006E7BF8 /* mecab-dict-index.cpp */ = {isa = PBXFileReference; fileEncoding = 4; lastKnownFileType = sourcecode.cpp.cpp; path = "mecab-dict-index.cpp"; sourceTree = "<group>"; };
		7D60FC331FB749CE006E7BF8 /* char_property.cpp */ = {isa = PBXFileReference; fileEncoding = 4; lastKnownFileType = sourcecode.cpp.cpp; path = char_property.cpp; sourceTree = "<group>"; };
		7D60FC341FB749CE006E7BF8 /* ucstable.h */ = {isa = PBXFileReference; fileEncoding = 4; lastKnownFileType = sourcecode.c.h; path = ucstable.h; sourceTree = "<group>"; };
		7D60FC351FB749CE006E7BF8 /* writer.h */ = {isa = PBXFileReference; fileEncoding = 4; lastKnownFileType = sourcecode.c.h; path = writer.h; sourceTree = "<group>"; };
		7D60FC361FB749CE006E7BF8 /* common.h */ = {isa = PBXFileReference; fileEncoding = 4; lastKnownFileType = sourcecode.c.h; path = common.h; sourceTree = "<group>"; };
		7D60FC371FB749CE006E7BF8 /* thread.h */ = {isa = PBXFileReference; fileEncoding = 4; lastKnownFileType = sourcecode.c.h; path = thread.h; sourceTree = "<group>"; };
		7D60FC381FB749CF006E7BF8 /* darts.h */ = {isa = PBXFileReference; fileEncoding = 4; lastKnownFileType = sourcecode.c.h; path = darts.h; sourceTree = "<group>"; };
		7D60FCB01FB74C60006E7BF8 /* mecab_Prefix.pch */ = {isa = PBXFileReference; fileEncoding = 4; lastKnownFileType = sourcecode.c.h; name = mecab_Prefix.pch; path = objc_bridging/mecab_Prefix.pch; sourceTree = "<group>"; };
		7D60FCB31FB74FD1006E7BF8 /* Node.m */ = {isa = PBXFileReference; fileEncoding = 4; lastKnownFileType = sourcecode.c.objc; name = Node.m; path = objc_bridging/Node.m; sourceTree = "<group>"; };
		7D60FCB41FB74FD1006E7BF8 /* Mecab.m */ = {isa = PBXFileReference; fileEncoding = 4; lastKnownFileType = sourcecode.c.objc; name = Mecab.m; path = objc_bridging/Mecab.m; sourceTree = "<group>"; };
		7D60FCB51FB74FD1006E7BF8 /* Node.h */ = {isa = PBXFileReference; fileEncoding = 4; lastKnownFileType = sourcecode.c.h; name = Node.h; path = objc_bridging/Node.h; sourceTree = "<group>"; };
		7D60FCB61FB74FD1006E7BF8 /* Mecab.h */ = {isa = PBXFileReference; fileEncoding = 4; lastKnownFileType = sourcecode.c.h; name = Mecab.h; path = objc_bridging/Mecab.h; sourceTree = "<group>"; };
		7D60FCBC1FB751C5006E7BF8 /* MeCab.h */ = {isa = PBXFileReference; fileEncoding = 4; lastKnownFileType = sourcecode.c.h; name = MeCab.h; path = swift_bridging/MeCab.h; sourceTree = "<group>"; };
		7D60FCBD1FB751C5006E7BF8 /* Info.plist */ = {isa = PBXFileReference; fileEncoding = 4; lastKnownFileType = text.plist.xml; name = Info.plist; path = swift_bridging/Info.plist; sourceTree = "<group>"; };
		7D60FCBF1FB76881006E7BF8 /* LibMecabSample-Bridging-Header.h */ = {isa = PBXFileReference; fileEncoding = 4; lastKnownFileType = sourcecode.c.h; name = "LibMecabSample-Bridging-Header.h"; path = "swift_bridging/LibMecabSample-Bridging-Header.h"; sourceTree = "<group>"; };
		AACBBE490F95108600F1A2B1 /* Foundation.framework */ = {isa = PBXFileReference; lastKnownFileType = wrapper.framework; name = Foundation.framework; path = System/Library/Frameworks/Foundation.framework; sourceTree = SDKROOT; };
		D2AAC07E0554694100DB518D /* libmecab.a */ = {isa = PBXFileReference; explicitFileType = archive.ar; includeInIndex = 0; path = libmecab.a; sourceTree = BUILT_PRODUCTS_DIR; };
/* End PBXFileReference section */

/* Begin PBXFrameworksBuildPhase section */
		D2AAC07C0554694100DB518D /* Frameworks */ = {
			isa = PBXFrameworksBuildPhase;
			buildActionMask = 2147483647;
			files = (
				AACBBE4A0F95108600F1A2B1 /* Foundation.framework in Frameworks */,
			);
			runOnlyForDeploymentPostprocessing = 0;
		};
/* End PBXFrameworksBuildPhase section */

/* Begin PBXGroup section */
		034768DFFF38A50411DB9C8B /* Products */ = {
			isa = PBXGroup;
			children = (
				D2AAC07E0554694100DB518D /* libmecab.a */,
			);
			name = Products;
			sourceTree = "<group>";
		};
		0867D691FE84028FC02AAC07 /* mecab */ = {
			isa = PBXGroup;
			children = (
				7D60FCBB1FB75186006E7BF8 /* swift_bridging */,
				7D60FCAF1FB74C4B006E7BF8 /* objc_bridging */,
				7D60FBFD1FB74997006E7BF8 /* src */,
				0867D69AFE84028FC02AAC07 /* Frameworks */,
				034768DFFF38A50411DB9C8B /* Products */,
			);
			name = mecab;
			sourceTree = "<group>";
		};
		0867D69AFE84028FC02AAC07 /* Frameworks */ = {
			isa = PBXGroup;
			children = (
				AACBBE490F95108600F1A2B1 /* Foundation.framework */,
			);
			name = Frameworks;
			sourceTree = "<group>";
		};
		7D60FBFD1FB74997006E7BF8 /* src */ = {
			isa = PBXGroup;
			children = (
				7D60FC331FB749CE006E7BF8 /* char_property.cpp */,
				7D60FC261FB749CB006E7BF8 /* char_property.h */,
				7D60FC361FB749CE006E7BF8 /* common.h */,
				7D60FC311FB749CD006E7BF8 /* config.h */,
				7D60FC291FB749CC006E7BF8 /* connector.cpp */,
				7D60FC081FB749C7006E7BF8 /* connector.h */,
				7D60FC171FB749C9006E7BF8 /* context_id.cpp */,
				7D60FC141FB749C8006E7BF8 /* context_id.h */,
				7D60FC381FB749CF006E7BF8 /* darts.h */,
				7D60FC301FB749CD006E7BF8 /* dictionary_compiler.cpp */,
				7D60FC0E1FB749C7006E7BF8 /* dictionary_generator.cpp */,
				7D60FC2B1FB749CC006E7BF8 /* dictionary_rewriter.cpp */,
				7D60FC091FB749C7006E7BF8 /* dictionary_rewriter.h */,
				7D60FC0A1FB749C7006E7BF8 /* dictionary.cpp */,
				7D60FC0B1FB749C7006E7BF8 /* dictionary.h */,
				7D60FC221FB749CB006E7BF8 /* eval.cpp */,
				7D60FC2E1FB749CD006E7BF8 /* feature_index.cpp */,
				7D60FC2D1FB749CD006E7BF8 /* feature_index.h */,
				7D60FC251FB749CB006E7BF8 /* freelist.h */,
				7D60FC271FB749CC006E7BF8 /* iconv_utils.cpp */,
				7D60FC121FB749C8006E7BF8 /* iconv_utils.h */,
				7D60FC1B1FB749CA006E7BF8 /* lbfgs.cpp */,
				7D60FC201FB749CA006E7BF8 /* lbfgs.h */,
				7D60FC231FB749CB006E7BF8 /* learner_node.h */,
				7D60FC241FB749CB006E7BF8 /* learner_tagger.cpp */,
				7D60FC071FB749C6006E7BF8 /* learner_tagger.h */,
				7D60FC0C1FB749C7006E7BF8 /* learner.cpp */,
				7D60FC2C1FB749CD006E7BF8 /* libmecab.cpp */,
				7D60FC0D1FB749C7006E7BF8 /* mecab-cost-train.cpp */,
				7D60FC131FB749C8006E7BF8 /* mecab-dict-gen.cpp */,
				7D60FC321FB749CE006E7BF8 /* mecab-dict-index.cpp */,
				7D60FC011FB749C6006E7BF8 /* mecab-system-eval.cpp */,
				7D60FC2F1FB749CD006E7BF8 /* mecab-test-gen.cpp */,
				7D60FC001FB749C6006E7BF8 /* mecab.cpp */,
				7D60FC061FB749C6006E7BF8 /* mecab.h */,
				7D60FC021FB749C6006E7BF8 /* mempool.h */,
				7D60FC151FB749C9006E7BF8 /* mmap.h */,
				7D60FBFE1FB749C5006E7BF8 /* mutex.h */,
				7D60FC1D1FB749CA006E7BF8 /* nbest_generator.cpp */,
				7D60FC181FB749C9006E7BF8 /* nbest_generator.h */,
				7D60FC161FB749C9006E7BF8 /* param.cpp */,
				7D60FC1C1FB749CA006E7BF8 /* param.h */,
				7D60FC1A1FB749C9006E7BF8 /* scoped_ptr.h */,
				7D60FBFF1FB749C5006E7BF8 /* stream_wrapper.h */,
				7D60FC281FB749CC006E7BF8 /* string_buffer.cpp */,
				7D60FC211FB749CB006E7BF8 /* string_buffer.h */,
				7D60FC031FB749C6006E7BF8 /* tagger.cpp */,
				7D60FC371FB749CE006E7BF8 /* thread.h */,
				7D60FC0F1FB749C8006E7BF8 /* tokenizer.cpp */,
				7D60FC2A1FB749CC006E7BF8 /* tokenizer.h */,
				7D60FC041FB749C6006E7BF8 /* ucs.h */,
				7D60FC341FB749CE006E7BF8 /* ucstable.h */,
				7D60FC051FB749C6006E7BF8 /* utils.cpp */,
				7D60FC191FB749C9006E7BF8 /* utils.h */,
				7D60FC101FB749C8006E7BF8 /* viterbi.cpp */,
				7D60FC1E1FB749CA006E7BF8 /* viterbi.h */,
				7D60FC1F1FB749CA006E7BF8 /* viterbisub.h */,
				7D60FC111FB749C8006E7BF8 /* writer.cpp */,
				7D60FC351FB749CE006E7BF8 /* writer.h */,
			);
			path = src;
			sourceTree = "<group>";
		};
		7D60FCAF1FB74C4B006E7BF8 /* objc_bridging */ = {
			isa = PBXGroup;
			children = (
				7D60FCB61FB74FD1006E7BF8 /* Mecab.h */,
				7D60FCB41FB74FD1006E7BF8 /* Mecab.m */,
				7D60FCB51FB74FD1006E7BF8 /* Node.h */,
				7D60FCB31FB74FD1006E7BF8 /* Node.m */,
				7D60FCB01FB74C60006E7BF8 /* mecab_Prefix.pch */,
			);
			name = objc_bridging;
			sourceTree = "<group>";
		};
		7D60FCBB1FB75186006E7BF8 /* swift_bridging */ = {
			isa = PBXGroup;
			children = (
				7D60FCBF1FB76881006E7BF8 /* LibMecabSample-Bridging-Header.h */,
				7D60FCBD1FB751C5006E7BF8 /* Info.plist */,
				7D60FCBC1FB751C5006E7BF8 /* MeCab.h */,
			);
			name = swift_bridging;
			sourceTree = "<group>";
		};
/* End PBXGroup section */

/* Begin PBXHeadersBuildPhase section */
		D2AAC07A0554694100DB518D /* Headers */ = {
			isa = PBXHeadersBuildPhase;
			buildActionMask = 2147483647;
			files = (
				7D60FCBE1FB751C5006E7BF8 /* MeCab.h in Headers */,
				7D60FCB91FB74FD1006E7BF8 /* Node.h in Headers */,
				7D60FCBA1FB74FD1006E7BF8 /* Mecab.h in Headers */,
				7D60FC821FB74B7B006E7BF8 /* mecab.h in Headers */,
				7D60FCB11FB74C60006E7BF8 /* mecab_Prefix.pch in Headers */,
				7D60FC751FB74B7B006E7BF8 /* char_property.h in Headers */,
				7D60FC761FB74B7B006E7BF8 /* common.h in Headers */,
				7D60FC771FB74B7B006E7BF8 /* config.h in Headers */,
				7D60FC781FB74B7B006E7BF8 /* connector.h in Headers */,
				7D60FC791FB74B7B006E7BF8 /* context_id.h in Headers */,
				7D60FCB21FB74D05006E7BF8 /* darts.h in Headers */,
				7D60FC7A1FB74B7B006E7BF8 /* dictionary_rewriter.h in Headers */,
				7D60FC7B1FB74B7B006E7BF8 /* dictionary.h in Headers */,
				7D60FC7C1FB74B7B006E7BF8 /* feature_index.h in Headers */,
				7D60FC7D1FB74B7B006E7BF8 /* freelist.h in Headers */,
				7D60FC7E1FB74B7B006E7BF8 /* iconv_utils.h in Headers */,
				7D60FCC01FB76882006E7BF8 /* LibMecabSample-Bridging-Header.h in Headers */,
				7D60FC7F1FB74B7B006E7BF8 /* lbfgs.h in Headers */,
				7D60FC801FB74B7B006E7BF8 /* learner_node.h in Headers */,
				7D60FC811FB74B7B006E7BF8 /* learner_tagger.h in Headers */,
				7D60FC831FB74B7B006E7BF8 /* mempool.h in Headers */,
				7D60FC841FB74B7B006E7BF8 /* mmap.h in Headers */,
				7D60FC851FB74B7B006E7BF8 /* mutex.h in Headers */,
				7D60FC861FB74B7B006E7BF8 /* nbest_generator.h in Headers */,
				7D60FC871FB74B7B006E7BF8 /* param.h in Headers */,
				7D60FC881FB74B7B006E7BF8 /* scoped_ptr.h in Headers */,
				7D60FC891FB74B7B006E7BF8 /* stream_wrapper.h in Headers */,
				7D60FC8A1FB74B7B006E7BF8 /* string_buffer.h in Headers */,
				7D60FC8B1FB74B7B006E7BF8 /* thread.h in Headers */,
				7D60FC8C1FB74B7B006E7BF8 /* tokenizer.h in Headers */,
				7D60FC8D1FB74B7B006E7BF8 /* ucs.h in Headers */,
				7D60FC8E1FB74B7B006E7BF8 /* ucstable.h in Headers */,
				7D60FC8F1FB74B7B006E7BF8 /* utils.h in Headers */,
				7D60FC901FB74B7B006E7BF8 /* viterbi.h in Headers */,
				7D60FC911FB74B7B006E7BF8 /* viterbisub.h in Headers */,
				7D60FC921FB74B7B006E7BF8 /* writer.h in Headers */,
			);
			runOnlyForDeploymentPostprocessing = 0;
		};
/* End PBXHeadersBuildPhase section */

/* Begin PBXNativeTarget section */
		D2AAC07D0554694100DB518D /* mecab */ = {
			isa = PBXNativeTarget;
			buildConfigurationList = 1DEB921E08733DC00010E9CD /* Build configuration list for PBXNativeTarget "mecab" */;
			buildPhases = (
				D2AAC07C0554694100DB518D /* Frameworks */,
				D2AAC07B0554694100DB518D /* Sources */,
				D2AAC07A0554694100DB518D /* Headers */,
			);
			buildRules = (
			);
			dependencies = (
			);
			name = mecab;
			productName = mecab;
			productReference = D2AAC07E0554694100DB518D /* libmecab.a */;
			productType = "com.apple.product-type.library.static";
		};
/* End PBXNativeTarget section */

/* Begin PBXProject section */
		0867D690FE84028FC02AAC07 /* Project object */ = {
			isa = PBXProject;
			attributes = {
			};
			buildConfigurationList = 1DEB922208733DC00010E9CD /* Build configuration list for PBXProject "mecab" */;
			compatibilityVersion = "Xcode 3.1";
			developmentRegion = English;
			hasScannedForEncodings = 1;
			knownRegions = (
				English,
				Japanese,
				French,
				German,
			);
			mainGroup = 0867D691FE84028FC02AAC07 /* mecab */;
			productRefGroup = 034768DFFF38A50411DB9C8B /* Products */;
			projectDirPath = "";
			projectRoot = "";
			targets = (
				D2AAC07D0554694100DB518D /* mecab */,
			);
		};
/* End PBXProject section */

/* Begin PBXSourcesBuildPhase section */
		D2AAC07B0554694100DB518D /* Sources */ = {
			isa = PBXSourcesBuildPhase;
			buildActionMask = 2147483647;
			files = (
				7D60FC931FB74C08006E7BF8 /* char_property.cpp in Sources */,
				7D60FC941FB74C08006E7BF8 /* connector.cpp in Sources */,
				7D60FC951FB74C08006E7BF8 /* context_id.cpp in Sources */,
				7D60FCB71FB74FD1006E7BF8 /* Node.m in Sources */,
				7D60FC961FB74C08006E7BF8 /* dictionary_compiler.cpp in Sources */,
				7D60FC971FB74C08006E7BF8 /* dictionary_generator.cpp in Sources */,
				7D60FC981FB74C08006E7BF8 /* dictionary_rewriter.cpp in Sources */,
				7D60FC991FB74C08006E7BF8 /* dictionary.cpp in Sources */,
				7D60FC9A1FB74C08006E7BF8 /* eval.cpp in Sources */,
				7D60FC9B1FB74C08006E7BF8 /* feature_index.cpp in Sources */,
				7D60FC9C1FB74C08006E7BF8 /* iconv_utils.cpp in Sources */,
				7D60FC9D1FB74C08006E7BF8 /* lbfgs.cpp in Sources */,
				7D60FCB81FB74FD1006E7BF8 /* Mecab.m in Sources */,
				7D60FC9E1FB74C08006E7BF8 /* learner_tagger.cpp in Sources */,
				7D60FC9F1FB74C08006E7BF8 /* learner.cpp in Sources */,
				7D60FCA01FB74C08006E7BF8 /* libmecab.cpp in Sources */,
				7D60FCA11FB74C08006E7BF8 /* mecab-cost-train.cpp in Sources */,
				7D60FCA21FB74C08006E7BF8 /* mecab-dict-gen.cpp in Sources */,
				7D60FCA31FB74C08006E7BF8 /* mecab-dict-index.cpp in Sources */,
				7D60FCA41FB74C08006E7BF8 /* mecab-system-eval.cpp in Sources */,
				7D60FCA51FB74C08006E7BF8 /* mecab-test-gen.cpp in Sources */,
				7D60FCA61FB74C08006E7BF8 /* mecab.cpp in Sources */,
				7D60FCA71FB74C08006E7BF8 /* nbest_generator.cpp in Sources */,
				7D60FCA81FB74C08006E7BF8 /* param.cpp in Sources */,
				7D60FCA91FB74C08006E7BF8 /* string_buffer.cpp in Sources */,
				7D60FCAA1FB74C08006E7BF8 /* tagger.cpp in Sources */,
				7D60FCAB1FB74C08006E7BF8 /* tokenizer.cpp in Sources */,
				7D60FCAC1FB74C08006E7BF8 /* utils.cpp in Sources */,
				7D60FCAD1FB74C08006E7BF8 /* viterbi.cpp in Sources */,
				7D60FCAE1FB74C08006E7BF8 /* writer.cpp in Sources */,
			);
			runOnlyForDeploymentPostprocessing = 0;
		};
/* End PBXSourcesBuildPhase section */

/* Begin XCBuildConfiguration section */
		1DEB921F08733DC00010E9CD /* Debug */ = {
			isa = XCBuildConfiguration;
			buildSettings = {
				ALWAYS_SEARCH_USER_PATHS = NO;
				ARCHS = "$(ARCHS_STANDARD)";
				COPY_PHASE_STRIP = NO;
				DSTROOT = /tmp/mecab.dst;
				GCC_DYNAMIC_NO_PIC = NO;
				GCC_ENABLE_FIX_AND_CONTINUE = YES;
				GCC_MODEL_TUNING = G5;
				GCC_OPTIMIZATION_LEVEL = 0;
				GCC_PRECOMPILE_PREFIX_HEADER = YES;
				GCC_PREFIX_HEADER = "${SRCROOT}/objc_bridging/mecab_Prefix.pch";
				INSTALL_PATH = /usr/local/lib;
				IPHONEOS_DEPLOYMENT_TARGET = 10.3;
				PRODUCT_NAME = mecab;
			};
			name = Debug;
		};
		1DEB922008733DC00010E9CD /* Release */ = {
			isa = XCBuildConfiguration;
			buildSettings = {
				ALWAYS_SEARCH_USER_PATHS = NO;
				ARCHS = "$(ARCHS_STANDARD)";
				DSTROOT = /tmp/mecab.dst;
				GCC_MODEL_TUNING = G5;
				GCC_PRECOMPILE_PREFIX_HEADER = YES;
				GCC_PREFIX_HEADER = "${SRCROOT}/objc_bridging/mecab_Prefix.pch";
				INSTALL_PATH = /usr/local/lib;
				IPHONEOS_DEPLOYMENT_TARGET = 10.3;
				PRODUCT_NAME = mecab;
				VALIDATE_PRODUCT = YES;
			};
			name = Release;
		};
		1DEB922308733DC00010E9CD /* Debug */ = {
			isa = XCBuildConfiguration;
			buildSettings = {
				ARCHS = "$(ARCHS_STANDARD_32_BIT)";
				GCC_C_LANGUAGE_STANDARD = c99;
				GCC_OPTIMIZATION_LEVEL = 0;
				GCC_PREPROCESSOR_DEFINITIONS = HAVE_CONFIG_H;
				GCC_WARN_ABOUT_RETURN_TYPE = YES;
				GCC_WARN_UNUSED_VARIABLE = YES;
				OTHER_LDFLAGS = "-ObjC";
				PREBINDING = NO;
				SDKROOT = iphoneos;
			};
			name = Debug;
		};
		1DEB922408733DC00010E9CD /* Release */ = {
			isa = XCBuildConfiguration;
			buildSettings = {
				ARCHS = "$(ARCHS_STANDARD_32_BIT)";
				GCC_C_LANGUAGE_STANDARD = c99;
				GCC_PREPROCESSOR_DEFINITIONS = HAVE_CONFIG_H;
				GCC_WARN_ABOUT_RETURN_TYPE = YES;
				GCC_WARN_UNUSED_VARIABLE = YES;
				OTHER_LDFLAGS = "-ObjC";
				PREBINDING = NO;
				SDKROOT = iphoneos;
			};
			name = Release;
		};
/* End XCBuildConfiguration section */

/* Begin XCConfigurationList section */
		1DEB921E08733DC00010E9CD /* Build configuration list for PBXNativeTarget "mecab" */ = {
			isa = XCConfigurationList;
			buildConfigurations = (
				1DEB921F08733DC00010E9CD /* Debug */,
				1DEB922008733DC00010E9CD /* Release */,
			);
			defaultConfigurationIsVisible = 0;
			defaultConfigurationName = Release;
		};
		1DEB922208733DC00010E9CD /* Build configuration list for PBXProject "mecab" */ = {
			isa = XCConfigurationList;
			buildConfigurations = (
				1DEB922308733DC00010E9CD /* Debug */,
				1DEB922408733DC00010E9CD /* Release */,
			);
			defaultConfigurationIsVisible = 0;
			defaultConfigurationName = Release;
		};
/* End XCConfigurationList section */
	};
	rootObject = 0867D690FE84028FC02AAC07 /* Project object */;
}
